// !$*UTF8*$!
{
	archiveVersion = 1;
	classes = {
	};
	objectVersion = 46;
	objects = {

/* Begin PBXBuildFile section */
		5D61B7CF155F3F9B0003006A /* Foundation.framework in Frameworks */ = {isa = PBXBuildFile; fileRef = 5D61B7CE155F3F9A0003006A /* Foundation.framework */; };
		5D61B7D5155F3F9B0003006A /* libmusicbrainz_objc.m in Sources */ = {isa = PBXBuildFile; fileRef = 5D61B7D4155F3F9B0003006A /* libmusicbrainz_objc.m */; };
		5D61B7DD155F3F9B0003006A /* SenTestingKit.framework in Frameworks */ = {isa = PBXBuildFile; fileRef = 5D61B7DC155F3F9B0003006A /* SenTestingKit.framework */; };
		5D61B7DF155F3F9B0003006A /* UIKit.framework in Frameworks */ = {isa = PBXBuildFile; fileRef = 5D61B7DE155F3F9B0003006A /* UIKit.framework */; };
		5D61B7E0155F3F9B0003006A /* Foundation.framework in Frameworks */ = {isa = PBXBuildFile; fileRef = 5D61B7CE155F3F9A0003006A /* Foundation.framework */; };
		5D61B7E3155F3F9B0003006A /* liblibmusicbrainz-objc.a in Frameworks */ = {isa = PBXBuildFile; fileRef = 5D61B7CB155F3F9A0003006A /* liblibmusicbrainz-objc.a */; };
		5D61B7E9155F3F9B0003006A /* InfoPlist.strings in Resources */ = {isa = PBXBuildFile; fileRef = 5D61B7E7155F3F9B0003006A /* InfoPlist.strings */; };
		5D61B7EC155F3F9B0003006A /* libmusicbrainz_objcTests.m in Sources */ = {isa = PBXBuildFile; fileRef = 5D61B7EB155F3F9B0003006A /* libmusicbrainz_objcTests.m */; };
		5D61B8A0155F5D640003006A /* doxygen.config in Resources */ = {isa = PBXBuildFile; fileRef = 5D61B89F155F5D640003006A /* doxygen.config */; };
		5D61B8A2155F5D840003006A /* docs in Resources */ = {isa = PBXBuildFile; fileRef = 5D61B8A1155F5D840003006A /* docs */; };
/* End PBXBuildFile section */

/* Begin PBXContainerItemProxy section */
		5D61B7E1155F3F9B0003006A /* PBXContainerItemProxy */ = {
			isa = PBXContainerItemProxy;
			containerPortal = 5D61B7C2155F3F9A0003006A /* Project object */;
			proxyType = 1;
			remoteGlobalIDString = 5D61B7CA155F3F9A0003006A;
			remoteInfo = "libmusicbrainz-objc";
		};
/* End PBXContainerItemProxy section */

/* Begin PBXFileReference section */
		5D61B7CB155F3F9A0003006A /* liblibmusicbrainz-objc.a */ = {isa = PBXFileReference; explicitFileType = archive.ar; includeInIndex = 0; path = "liblibmusicbrainz-objc.a"; sourceTree = BUILT_PRODUCTS_DIR; };
		5D61B7CE155F3F9A0003006A /* Foundation.framework */ = {isa = PBXFileReference; lastKnownFileType = wrapper.framework; name = Foundation.framework; path = System/Library/Frameworks/Foundation.framework; sourceTree = SDKROOT; };
		5D61B7D2155F3F9B0003006A /* libmusicbrainz-objc-Prefix.pch */ = {isa = PBXFileReference; lastKnownFileType = sourcecode.c.h; path = "libmusicbrainz-objc-Prefix.pch"; sourceTree = "<group>"; };
		5D61B7D3155F3F9B0003006A /* libmusicbrainz_objc.h */ = {isa = PBXFileReference; lastKnownFileType = sourcecode.c.h; path = libmusicbrainz_objc.h; sourceTree = "<group>"; };
		5D61B7D4155F3F9B0003006A /* libmusicbrainz_objc.m */ = {isa = PBXFileReference; lastKnownFileType = sourcecode.c.objc; path = libmusicbrainz_objc.m; sourceTree = "<group>"; };
		5D61B7DB155F3F9B0003006A /* libmusicbrainz-objcTests.octest */ = {isa = PBXFileReference; explicitFileType = wrapper.cfbundle; includeInIndex = 0; path = "libmusicbrainz-objcTests.octest"; sourceTree = BUILT_PRODUCTS_DIR; };
		5D61B7DC155F3F9B0003006A /* SenTestingKit.framework */ = {isa = PBXFileReference; lastKnownFileType = wrapper.framework; name = SenTestingKit.framework; path = Library/Frameworks/SenTestingKit.framework; sourceTree = DEVELOPER_DIR; };
		5D61B7DE155F3F9B0003006A /* UIKit.framework */ = {isa = PBXFileReference; lastKnownFileType = wrapper.framework; name = UIKit.framework; path = Library/Frameworks/UIKit.framework; sourceTree = DEVELOPER_DIR; };
		5D61B7E6155F3F9B0003006A /* libmusicbrainz-objcTests-Info.plist */ = {isa = PBXFileReference; lastKnownFileType = text.plist.xml; path = "libmusicbrainz-objcTests-Info.plist"; sourceTree = "<group>"; };
		5D61B7E8155F3F9B0003006A /* en */ = {isa = PBXFileReference; lastKnownFileType = text.plist.strings; name = en; path = en.lproj/InfoPlist.strings; sourceTree = "<group>"; };
		5D61B7EA155F3F9B0003006A /* libmusicbrainz_objcTests.h */ = {isa = PBXFileReference; lastKnownFileType = sourcecode.c.h; path = libmusicbrainz_objcTests.h; sourceTree = "<group>"; };
		5D61B7EB155F3F9B0003006A /* libmusicbrainz_objcTests.m */ = {isa = PBXFileReference; lastKnownFileType = sourcecode.c.objc; path = libmusicbrainz_objcTests.m; sourceTree = "<group>"; };
		5D61B89F155F5D640003006A /* doxygen.config */ = {isa = PBXFileReference; fileEncoding = 4; lastKnownFileType = text; path = doxygen.config; sourceTree = "<group>"; };
		5D61B8A1155F5D840003006A /* docs */ = {isa = PBXFileReference; lastKnownFileType = folder; path = docs; sourceTree = "<group>"; };
/* End PBXFileReference section */

/* Begin PBXFrameworksBuildPhase section */
		5D61B7C8155F3F9A0003006A /* Frameworks */ = {
			isa = PBXFrameworksBuildPhase;
			buildActionMask = 2147483647;
			files = (
				5D61B7CF155F3F9B0003006A /* Foundation.framework in Frameworks */,
			);
			runOnlyForDeploymentPostprocessing = 0;
		};
		5D61B7D7155F3F9B0003006A /* Frameworks */ = {
			isa = PBXFrameworksBuildPhase;
			buildActionMask = 2147483647;
			files = (
				5D61B7DD155F3F9B0003006A /* SenTestingKit.framework in Frameworks */,
				5D61B7DF155F3F9B0003006A /* UIKit.framework in Frameworks */,
				5D61B7E0155F3F9B0003006A /* Foundation.framework in Frameworks */,
				5D61B7E3155F3F9B0003006A /* liblibmusicbrainz-objc.a in Frameworks */,
			);
			runOnlyForDeploymentPostprocessing = 0;
		};
/* End PBXFrameworksBuildPhase section */

/* Begin PBXGroup section */
		5D61B7C0155F3F9A0003006A = {
			isa = PBXGroup;
			children = (
				5D61B8A1155F5D840003006A /* docs */,
				5D61B89F155F5D640003006A /* doxygen.config */,
				5D61B7D0155F3F9B0003006A /* libmusicbrainz-objc */,
				5D61B7E4155F3F9B0003006A /* libmusicbrainz-objcTests */,
				5D61B7CD155F3F9A0003006A /* Frameworks */,
				5D61B7CC155F3F9A0003006A /* Products */,
			);
			sourceTree = "<group>";
		};
		5D61B7CC155F3F9A0003006A /* Products */ = {
			isa = PBXGroup;
			children = (
				5D61B7CB155F3F9A0003006A /* liblibmusicbrainz-objc.a */,
				5D61B7DB155F3F9B0003006A /* libmusicbrainz-objcTests.octest */,
			);
			name = Products;
			sourceTree = "<group>";
		};
		5D61B7CD155F3F9A0003006A /* Frameworks */ = {
			isa = PBXGroup;
			children = (
				5D61B7CE155F3F9A0003006A /* Foundation.framework */,
				5D61B7DC155F3F9B0003006A /* SenTestingKit.framework */,
				5D61B7DE155F3F9B0003006A /* UIKit.framework */,
			);
			name = Frameworks;
			sourceTree = "<group>";
		};
		5D61B7D0155F3F9B0003006A /* libmusicbrainz-objc */ = {
			isa = PBXGroup;
			children = (
				5D61B7D3155F3F9B0003006A /* libmusicbrainz_objc.h */,
				5D61B7D4155F3F9B0003006A /* libmusicbrainz_objc.m */,
				5D61B7D1155F3F9B0003006A /* Supporting Files */,
			);
			path = "libmusicbrainz-objc";
			sourceTree = "<group>";
		};
		5D61B7D1155F3F9B0003006A /* Supporting Files */ = {
			isa = PBXGroup;
			children = (
				5D61B7D2155F3F9B0003006A /* libmusicbrainz-objc-Prefix.pch */,
			);
			name = "Supporting Files";
			sourceTree = "<group>";
		};
		5D61B7E4155F3F9B0003006A /* libmusicbrainz-objcTests */ = {
			isa = PBXGroup;
			children = (
				5D61B7EA155F3F9B0003006A /* libmusicbrainz_objcTests.h */,
				5D61B7EB155F3F9B0003006A /* libmusicbrainz_objcTests.m */,
				5D61B7E5155F3F9B0003006A /* Supporting Files */,
			);
			path = "libmusicbrainz-objcTests";
			sourceTree = "<group>";
		};
		5D61B7E5155F3F9B0003006A /* Supporting Files */ = {
			isa = PBXGroup;
			children = (
				5D61B7E6155F3F9B0003006A /* libmusicbrainz-objcTests-Info.plist */,
				5D61B7E7155F3F9B0003006A /* InfoPlist.strings */,
			);
			name = "Supporting Files";
			sourceTree = "<group>";
		};
/* End PBXGroup section */

/* Begin PBXHeadersBuildPhase section */
		5D61B7C9155F3F9A0003006A /* Headers */ = {
			isa = PBXHeadersBuildPhase;
			buildActionMask = 2147483647;
			files = (
			);
			runOnlyForDeploymentPostprocessing = 0;
		};
/* End PBXHeadersBuildPhase section */

/* Begin PBXNativeTarget section */
		5D61B7CA155F3F9A0003006A /* libmusicbrainz-objc */ = {
			isa = PBXNativeTarget;
			buildConfigurationList = 5D61B7EF155F3F9B0003006A /* Build configuration list for PBXNativeTarget "libmusicbrainz-objc" */;
			buildPhases = (
				5D61B7C7155F3F9A0003006A /* Sources */,
				5D61B7C8155F3F9A0003006A /* Frameworks */,
				5D61B7C9155F3F9A0003006A /* Headers */,
				5D61B89D155F54C30003006A /* ShellScript */,
				5D61B89E155F561B0003006A /* Resources */,
			);
			buildRules = (
			);
			dependencies = (
			);
			name = "libmusicbrainz-objc";
			productName = "libmusicbrainz-objc";
			productReference = 5D61B7CB155F3F9A0003006A /* liblibmusicbrainz-objc.a */;
			productType = "com.apple.product-type.library.static";
		};
		5D61B7DA155F3F9B0003006A /* libmusicbrainz-objcTests */ = {
			isa = PBXNativeTarget;
			buildConfigurationList = 5D61B7F2155F3F9B0003006A /* Build configuration list for PBXNativeTarget "libmusicbrainz-objcTests" */;
			buildPhases = (
				5D61B7D6155F3F9B0003006A /* Sources */,
				5D61B7D7155F3F9B0003006A /* Frameworks */,
				5D61B7D8155F3F9B0003006A /* Resources */,
				5D61B7D9155F3F9B0003006A /* ShellScript */,
			);
			buildRules = (
			);
			dependencies = (
				5D61B7E2155F3F9B0003006A /* PBXTargetDependency */,
			);
			name = "libmusicbrainz-objcTests";
			productName = "libmusicbrainz-objcTests";
			productReference = 5D61B7DB155F3F9B0003006A /* libmusicbrainz-objcTests.octest */;
			productType = "com.apple.product-type.bundle";
		};
/* End PBXNativeTarget section */

/* Begin PBXProject section */
		5D61B7C2155F3F9A0003006A /* Project object */ = {
			isa = PBXProject;
			attributes = {
				LastUpgradeCheck = 0430;
			};
			buildConfigurationList = 5D61B7C5155F3F9A0003006A /* Build configuration list for PBXProject "libmusicbrainz-objc" */;
			compatibilityVersion = "Xcode 3.2";
			developmentRegion = English;
			hasScannedForEncodings = 0;
			knownRegions = (
				en,
			);
			mainGroup = 5D61B7C0155F3F9A0003006A;
			productRefGroup = 5D61B7CC155F3F9A0003006A /* Products */;
			projectDirPath = "";
			projectRoot = "";
			targets = (
				5D61B7CA155F3F9A0003006A /* libmusicbrainz-objc */,
				5D61B7DA155F3F9B0003006A /* libmusicbrainz-objcTests */,
			);
		};
/* End PBXProject section */

/* Begin PBXResourcesBuildPhase section */
		5D61B7D8155F3F9B0003006A /* Resources */ = {
			isa = PBXResourcesBuildPhase;
			buildActionMask = 2147483647;
			files = (
				5D61B7E9155F3F9B0003006A /* InfoPlist.strings in Resources */,
			);
			runOnlyForDeploymentPostprocessing = 0;
		};
		5D61B89E155F561B0003006A /* Resources */ = {
			isa = PBXResourcesBuildPhase;
			buildActionMask = 2147483647;
			files = (
				5D61B8A0155F5D640003006A /* doxygen.config in Resources */,
				5D61B8A2155F5D840003006A /* docs in Resources */,
			);
			runOnlyForDeploymentPostprocessing = 0;
		};
/* End PBXResourcesBuildPhase section */

/* Begin PBXShellScriptBuildPhase section */
		5D61B7D9155F3F9B0003006A /* ShellScript */ = {
			isa = PBXShellScriptBuildPhase;
			buildActionMask = 2147483647;
			files = (
			);
			inputPaths = (
			);
			outputPaths = (
			);
			runOnlyForDeploymentPostprocessing = 0;
			shellPath = /bin/sh;
			shellScript = "# Run the unit tests in this test bundle.\n\"${SYSTEM_DEVELOPER_DIR}/Tools/RunUnitTests\"\n";
		};
		5D61B89D155F54C30003006A /* ShellScript */ = {
			isa = PBXShellScriptBuildPhase;
			buildActionMask = 2147483647;
			files = (
			);
			inputPaths = (
			);
			outputPaths = (
			);
			runOnlyForDeploymentPostprocessing = 0;
			shellPath = /bin/sh;
			shellScript = "$DOXYGEN_PATH doxygen.config\n\nmake -C docs/html\n\ngit add docs\n\nexit 0";
		};
/* End PBXShellScriptBuildPhase section */

/* Begin PBXSourcesBuildPhase section */
		5D61B7C7155F3F9A0003006A /* Sources */ = {
			isa = PBXSourcesBuildPhase;
			buildActionMask = 2147483647;
			files = (
				5D61B7D5155F3F9B0003006A /* libmusicbrainz_objc.m in Sources */,
			);
			runOnlyForDeploymentPostprocessing = 0;
		};
		5D61B7D6155F3F9B0003006A /* Sources */ = {
			isa = PBXSourcesBuildPhase;
			buildActionMask = 2147483647;
			files = (
				5D61B7EC155F3F9B0003006A /* libmusicbrainz_objcTests.m in Sources */,
			);
			runOnlyForDeploymentPostprocessing = 0;
		};
/* End PBXSourcesBuildPhase section */

/* Begin PBXTargetDependency section */
		5D61B7E2155F3F9B0003006A /* PBXTargetDependency */ = {
			isa = PBXTargetDependency;
			target = 5D61B7CA155F3F9A0003006A /* libmusicbrainz-objc */;
			targetProxy = 5D61B7E1155F3F9B0003006A /* PBXContainerItemProxy */;
		};
/* End PBXTargetDependency section */

/* Begin PBXVariantGroup section */
		5D61B7E7155F3F9B0003006A /* InfoPlist.strings */ = {
			isa = PBXVariantGroup;
			children = (
				5D61B7E8155F3F9B0003006A /* en */,
			);
			name = InfoPlist.strings;
			sourceTree = "<group>";
		};
/* End PBXVariantGroup section */

/* Begin XCBuildConfiguration section */
		5D61B7ED155F3F9B0003006A /* Debug */ = {
			isa = XCBuildConfiguration;
			buildSettings = {
				ALWAYS_SEARCH_USER_PATHS = NO;
				ARCHS = "$(ARCHS_STANDARD_32_BIT)";
				CLANG_ENABLE_OBJC_ARC = YES;
				COPY_PHASE_STRIP = NO;
				GCC_C_LANGUAGE_STANDARD = gnu99;
				GCC_DYNAMIC_NO_PIC = NO;
				GCC_OPTIMIZATION_LEVEL = 0;
				GCC_PREPROCESSOR_DEFINITIONS = (
					"DEBUG=1",
					"$(inherited)",
				);
				GCC_SYMBOLS_PRIVATE_EXTERN = NO;
				GCC_VERSION = com.apple.compilers.llvm.clang.1_0;
				GCC_WARN_ABOUT_RETURN_TYPE = YES;
				GCC_WARN_UNINITIALIZED_AUTOS = YES;
				GCC_WARN_UNUSED_VARIABLE = YES;
				IPHONEOS_DEPLOYMENT_TARGET = 5.1;
				SDKROOT = iphoneos;
			};
			name = Debug;
		};
		5D61B7EE155F3F9B0003006A /* Release */ = {
			isa = XCBuildConfiguration;
			buildSettings = {
				ALWAYS_SEARCH_USER_PATHS = NO;
				ARCHS = "$(ARCHS_STANDARD_32_BIT)";
				CLANG_ENABLE_OBJC_ARC = YES;
				COPY_PHASE_STRIP = YES;
				GCC_C_LANGUAGE_STANDARD = gnu99;
				GCC_VERSION = com.apple.compilers.llvm.clang.1_0;
				GCC_WARN_ABOUT_RETURN_TYPE = YES;
				GCC_WARN_UNINITIALIZED_AUTOS = YES;
				GCC_WARN_UNUSED_VARIABLE = YES;
				IPHONEOS_DEPLOYMENT_TARGET = 5.1;
				SDKROOT = iphoneos;
				VALIDATE_PRODUCT = YES;
			};
			name = Release;
		};
		5D61B7F0155F3F9B0003006A /* Debug */ = {
			isa = XCBuildConfiguration;
			buildSettings = {
				DOT_PATH = /opt/local/bin;
				DOXYGEN_PATH = /Applications/Doxygen.app/Contents/Resources/doxygen;
				DSTROOT = /tmp/libmusicbrainz_objc.dst;
				GCC_PRECOMPILE_PREFIX_HEADER = YES;
				GCC_PREFIX_HEADER = "libmusicbrainz-objc/libmusicbrainz-objc-Prefix.pch";
				HAVE_DOT = YES;
				OTHER_LDFLAGS = "-ObjC";
				PRODUCT_NAME = "$(TARGET_NAME)";
				SKIP_INSTALL = YES;
			};
			name = Debug;
		};
		5D61B7F1155F3F9B0003006A /* Release */ = {
			isa = XCBuildConfiguration;
			buildSettings = {
				DOT_PATH = /opt/local/bin;
				DOXYGEN_PATH = /Applications/Doxygen.app/Contents/Resources/doxygen;
				DSTROOT = /tmp/libmusicbrainz_objc.dst;
				GCC_PRECOMPILE_PREFIX_HEADER = YES;
				GCC_PREFIX_HEADER = "libmusicbrainz-objc/libmusicbrainz-objc-Prefix.pch";
				HAVE_DOT = YES;
				OTHER_LDFLAGS = "-ObjC";
				PRODUCT_NAME = "$(TARGET_NAME)";
				SKIP_INSTALL = YES;
			};
			name = Release;
		};
		5D61B7F3155F3F9B0003006A /* Debug */ = {
			isa = XCBuildConfiguration;
			buildSettings = {
				FRAMEWORK_SEARCH_PATHS = (
					"$(SDKROOT)/Developer/Library/Frameworks",
					"$(DEVELOPER_LIBRARY_DIR)/Frameworks",
				);
				GCC_PRECOMPILE_PREFIX_HEADER = YES;
				GCC_PREFIX_HEADER = "libmusicbrainz-objc/libmusicbrainz-objc-Prefix.pch";
				INFOPLIST_FILE = "libmusicbrainz-objcTests/libmusicbrainz-objcTests-Info.plist";
				PRODUCT_NAME = "$(TARGET_NAME)";
				WRAPPER_EXTENSION = octest;
			};
			name = Debug;
		};
		5D61B7F4155F3F9B0003006A /* Release */ = {
			isa = XCBuildConfiguration;
			buildSettings = {
				FRAMEWORK_SEARCH_PATHS = (
					"$(SDKROOT)/Developer/Library/Frameworks",
					"$(DEVELOPER_LIBRARY_DIR)/Frameworks",
				);
				GCC_PRECOMPILE_PREFIX_HEADER = YES;
				GCC_PREFIX_HEADER = "libmusicbrainz-objc/libmusicbrainz-objc-Prefix.pch";
				INFOPLIST_FILE = "libmusicbrainz-objcTests/libmusicbrainz-objcTests-Info.plist";
				PRODUCT_NAME = "$(TARGET_NAME)";
				WRAPPER_EXTENSION = octest;
			};
			name = Release;
		};
/* End XCBuildConfiguration section */

/* Begin XCConfigurationList section */
		5D61B7C5155F3F9A0003006A /* Build configuration list for PBXProject "libmusicbrainz-objc" */ = {
			isa = XCConfigurationList;
			buildConfigurations = (
				5D61B7ED155F3F9B0003006A /* Debug */,
				5D61B7EE155F3F9B0003006A /* Release */,
			);
			defaultConfigurationIsVisible = 0;
			defaultConfigurationName = Release;
		};
		5D61B7EF155F3F9B0003006A /* Build configuration list for PBXNativeTarget "libmusicbrainz-objc" */ = {
			isa = XCConfigurationList;
			buildConfigurations = (
				5D61B7F0155F3F9B0003006A /* Debug */,
				5D61B7F1155F3F9B0003006A /* Release */,
			);
			defaultConfigurationIsVisible = 0;
		};
		5D61B7F2155F3F9B0003006A /* Build configuration list for PBXNativeTarget "libmusicbrainz-objcTests" */ = {
			isa = XCConfigurationList;
			buildConfigurations = (
				5D61B7F3155F3F9B0003006A /* Debug */,
				5D61B7F4155F3F9B0003006A /* Release */,
			);
			defaultConfigurationIsVisible = 0;
		};
/* End XCConfigurationList section */
	};
	rootObject = 5D61B7C2155F3F9A0003006A /* Project object */;
}
