// !$*UTF8*$!
{
	archiveVersion = 1;
	classes = {
	};
	objectVersion = 46;
	objects = {

/* Begin PBXBuildFile section */
		5D0D24B8157D7A3E00C1C311 /* AccountInformation.h in Headers */ = {isa = PBXBuildFile; fileRef = 5D0D24AC157D7A3E00C1C311 /* AccountInformation.h */; };
		5D0D24B9157D7A3E00C1C311 /* Label.h in Headers */ = {isa = PBXBuildFile; fileRef = 5D0D24AD157D7A3E00C1C311 /* Label.h */; };
		5D0D24BA157D7A3E00C1C311 /* MBAlias.h in Headers */ = {isa = PBXBuildFile; fileRef = 5D0D24AE157D7A3E00C1C311 /* MBAlias.h */; };
		5D0D24BB157D7A3E00C1C311 /* MBArtist.h in Headers */ = {isa = PBXBuildFile; fileRef = 5D0D24AF157D7A3E00C1C311 /* MBArtist.h */; };
		5D0D24BC157D7A3E00C1C311 /* MBEntity.h in Headers */ = {isa = PBXBuildFile; fileRef = 5D0D24B0157D7A3E00C1C311 /* MBEntity.h */; };
		5D0D24BD157D7A3E00C1C311 /* MBLifespan.h in Headers */ = {isa = PBXBuildFile; fileRef = 5D0D24B1157D7A3E00C1C311 /* MBLifespan.h */; };
		5D0D24BE157D7A3E00C1C311 /* RateAndTaggableEntity.h in Headers */ = {isa = PBXBuildFile; fileRef = 5D0D24B2157D7A3E00C1C311 /* RateAndTaggableEntity.h */; };
		5D0D24BF157D7A3E00C1C311 /* MBRelease.h in Headers */ = {isa = PBXBuildFile; fileRef = 5D0D24B3157D7A3E00C1C311 /* MBRelease.h */; };
		5D0D24C0157D7A3E00C1C311 /* MBReleaseGroup.h in Headers */ = {isa = PBXBuildFile; fileRef = 5D0D24B4157D7A3E00C1C311 /* MBReleaseGroup.h */; };
		5D0D24C1157D7A3E00C1C311 /* Search.h in Headers */ = {isa = PBXBuildFile; fileRef = 5D0D24B5157D7A3E00C1C311 /* Search.h */; };
		5D0D24C2157D7A3E00C1C311 /* Track.h in Headers */ = {isa = PBXBuildFile; fileRef = 5D0D24B6157D7A3E00C1C311 /* Track.h */; };
		5D0D24CE157D7A5700C1C311 /* AccountInformation.m in Sources */ = {isa = PBXBuildFile; fileRef = 5D0D24C4157D7A5700C1C311 /* AccountInformation.m */; };
		5D0D24CF157D7A5700C1C311 /* Label.m in Sources */ = {isa = PBXBuildFile; fileRef = 5D0D24C5157D7A5700C1C311 /* Label.m */; };
		5D0D24D0157D7A5700C1C311 /* MBAlias.m in Sources */ = {isa = PBXBuildFile; fileRef = 5D0D24C6157D7A5700C1C311 /* MBAlias.m */; };
		5D0D24D1157D7A5700C1C311 /* MBArtist.m in Sources */ = {isa = PBXBuildFile; fileRef = 5D0D24C7157D7A5700C1C311 /* MBArtist.m */; };
		5D0D24D2157D7A5700C1C311 /* MBEntity.m in Sources */ = {isa = PBXBuildFile; fileRef = 5D0D24C8157D7A5700C1C311 /* MBEntity.m */; };
		5D0D24D3157D7A5700C1C311 /* MBLifespan.m in Sources */ = {isa = PBXBuildFile; fileRef = 5D0D24C9157D7A5700C1C311 /* MBLifespan.m */; };
		5D0D24D4157D7A5700C1C311 /* MBRelease.m in Sources */ = {isa = PBXBuildFile; fileRef = 5D0D24CA157D7A5700C1C311 /* MBRelease.m */; };
		5D0D24D5157D7A5700C1C311 /* MBReleaseGroup.m in Sources */ = {isa = PBXBuildFile; fileRef = 5D0D24CB157D7A5700C1C311 /* MBReleaseGroup.m */; };
		5D0D24D6157D7A5700C1C311 /* Search.m in Sources */ = {isa = PBXBuildFile; fileRef = 5D0D24CC157D7A5700C1C311 /* Search.m */; };
		5D0D24D7157D7A5700C1C311 /* Track.m in Sources */ = {isa = PBXBuildFile; fileRef = 5D0D24CD157D7A5700C1C311 /* Track.m */; };
		5D0D2508157D985200C1C311 /* Demo-Info.plist in Resources */ = {isa = PBXBuildFile; fileRef = 5D0D24E8157D985100C1C311 /* Demo-Info.plist */; };
		5D0D2509157D985200C1C311 /* Demo-Prefix.pch in Headers */ = {isa = PBXBuildFile; fileRef = 5D0D24E9157D985100C1C311 /* Demo-Prefix.pch */; };
		5D0D250A157D985200C1C311 /* DemoAppDelegate.h in Headers */ = {isa = PBXBuildFile; fileRef = 5D0D24EA157D985100C1C311 /* DemoAppDelegate.h */; };
		5D0D250B157D985200C1C311 /* DemoAppDelegate.m in Sources */ = {isa = PBXBuildFile; fileRef = 5D0D24EB157D985100C1C311 /* DemoAppDelegate.m */; };
		5D0D250C157D985200C1C311 /* DemoViewController.h in Headers */ = {isa = PBXBuildFile; fileRef = 5D0D24EC157D985100C1C311 /* DemoViewController.h */; };
		5D0D250D157D985200C1C311 /* DemoViewController.m in Sources */ = {isa = PBXBuildFile; fileRef = 5D0D24ED157D985100C1C311 /* DemoViewController.m */; };
		5D0D250E157D985200C1C311 /* DemoViewController.xib in Resources */ = {isa = PBXBuildFile; fileRef = 5D0D24EE157D985100C1C311 /* DemoViewController.xib */; };
		5D0D250F157D985200C1C311 /* InfoPlist.strings in Resources */ = {isa = PBXBuildFile; fileRef = 5D0D24F0157D985100C1C311 /* InfoPlist.strings */; };
		5D0D2510157D985200C1C311 /* MainWindow.xib in Resources */ = {isa = PBXBuildFile; fileRef = 5D0D24F2157D985100C1C311 /* MainWindow.xib */; };
		5D0D2511157D985200C1C311 /* main.m in Sources */ = {isa = PBXBuildFile; fileRef = 5D0D24F4157D985100C1C311 /* main.m */; };
		5D0D2512157D985200C1C311 /* complex.xml in Resources */ = {isa = PBXBuildFile; fileRef = 5D0D24F9157D985100C1C311 /* complex.xml */; };
		5D0D2513157D985200C1C311 /* InfoPlist.strings in Resources */ = {isa = PBXBuildFile; fileRef = 5D0D24FA157D985100C1C311 /* InfoPlist.strings */; };
		5D0D2514157D985200C1C311 /* XMLReaderTests-Info.plist in Resources */ = {isa = PBXBuildFile; fileRef = 5D0D24FC157D985100C1C311 /* XMLReaderTests-Info.plist */; };
		5D0D2515157D985200C1C311 /* XMLReaderTests-Prefix.pch in Headers */ = {isa = PBXBuildFile; fileRef = 5D0D24FD157D985100C1C311 /* XMLReaderTests-Prefix.pch */; };
		5D0D2516157D985200C1C311 /* XMLReaderTests.h in Headers */ = {isa = PBXBuildFile; fileRef = 5D0D24FE157D985100C1C311 /* XMLReaderTests.h */; };
		5D0D2517157D985200C1C311 /* XMLReaderTests.m in Sources */ = {isa = PBXBuildFile; fileRef = 5D0D24FF157D985100C1C311 /* XMLReaderTests.m */; };
		5D0D2518157D985200C1C311 /* LICENCE in Resources */ = {isa = PBXBuildFile; fileRef = 5D0D2500157D985100C1C311 /* LICENCE */; };
		5D0D2519157D985200C1C311 /* README in Resources */ = {isa = PBXBuildFile; fileRef = 5D0D2501157D985100C1C311 /* README */; };
		5D0D251A157D985200C1C311 /* XMLReader.h in Headers */ = {isa = PBXBuildFile; fileRef = 5D0D2502157D985100C1C311 /* XMLReader.h */; };
		5D0D251B157D985200C1C311 /* XMLReader.m in Sources */ = {isa = PBXBuildFile; fileRef = 5D0D2503157D985100C1C311 /* XMLReader.m */; };
		5D0D252E157E652A00C1C311 /* MBEntity-protected.h in Headers */ = {isa = PBXBuildFile; fileRef = 5D0D252D157E652A00C1C311 /* MBEntity-protected.h */; };
		5D0D2530157E74AE00C1C311 /* MB.h in Headers */ = {isa = PBXBuildFile; fileRef = 5D0D252F157E74AE00C1C311 /* MB.h */; };
		5D37CE8B156EED760073FA11 /* libxml2.dylib in Frameworks */ = {isa = PBXBuildFile; fileRef = 5D37CE8A156EED760073FA11 /* libxml2.dylib */; };
		5D61B7CF155F3F9B0003006A /* Foundation.framework in Frameworks */ = {isa = PBXBuildFile; fileRef = 5D61B7CE155F3F9A0003006A /* Foundation.framework */; };
		5D61B7D5155F3F9B0003006A /* libmusicbrainz_objc.m in Sources */ = {isa = PBXBuildFile; fileRef = 5D61B7D4155F3F9B0003006A /* libmusicbrainz_objc.m */; };
		5D61B7DD155F3F9B0003006A /* SenTestingKit.framework in Frameworks */ = {isa = PBXBuildFile; fileRef = 5D61B7DC155F3F9B0003006A /* SenTestingKit.framework */; };
		5D61B7DF155F3F9B0003006A /* UIKit.framework in Frameworks */ = {isa = PBXBuildFile; fileRef = 5D61B7DE155F3F9B0003006A /* UIKit.framework */; };
		5D61B7E0155F3F9B0003006A /* Foundation.framework in Frameworks */ = {isa = PBXBuildFile; fileRef = 5D61B7CE155F3F9A0003006A /* Foundation.framework */; };
		5D61B7E3155F3F9B0003006A /* liblibmusicbrainz-objc.a in Frameworks */ = {isa = PBXBuildFile; fileRef = 5D61B7CB155F3F9A0003006A /* liblibmusicbrainz-objc.a */; };
		5D61B7E9155F3F9B0003006A /* InfoPlist.strings in Resources */ = {isa = PBXBuildFile; fileRef = 5D61B7E7155F3F9B0003006A /* InfoPlist.strings */; };
		5D61B7EC155F3F9B0003006A /* libmusicbrainz_objcTests.m in Sources */ = {isa = PBXBuildFile; fileRef = 5D61B7EB155F3F9B0003006A /* libmusicbrainz_objcTests.m */; };
/* End PBXBuildFile section */

/* Begin PBXContainerItemProxy section */
		5D0D251E157D985200C1C311 /* PBXContainerItemProxy */ = {
			isa = PBXContainerItemProxy;
			containerPortal = 5D0D24F5157D985100C1C311 /* Demo.xcodeproj */;
			proxyType = 2;
			remoteGlobalIDString = ED2F6186137570CF001A1ABA;
			remoteInfo = Demo;
		};
		5D0D2520157D985200C1C311 /* PBXContainerItemProxy */ = {
			isa = PBXContainerItemProxy;
			containerPortal = 5D0D24F5157D985100C1C311 /* Demo.xcodeproj */;
			proxyType = 2;
			remoteGlobalIDString = ED2F61AA137570CF001A1ABA;
			remoteInfo = XMLReaderTests;
		};
		5D61B7E1155F3F9B0003006A /* PBXContainerItemProxy */ = {
			isa = PBXContainerItemProxy;
			containerPortal = 5D61B7C2155F3F9A0003006A /* Project object */;
			proxyType = 1;
			remoteGlobalIDString = 5D61B7CA155F3F9A0003006A;
			remoteInfo = "libmusicbrainz-objc";
		};
/* End PBXContainerItemProxy section */

/* Begin PBXFileReference section */
		5D0D24AC157D7A3E00C1C311 /* AccountInformation.h */ = {isa = PBXFileReference; fileEncoding = 4; lastKnownFileType = sourcecode.c.h; name = AccountInformation.h; path = includes/AccountInformation.h; sourceTree = "<group>"; };
		5D0D24AD157D7A3E00C1C311 /* Label.h */ = {isa = PBXFileReference; fileEncoding = 4; lastKnownFileType = sourcecode.c.h; name = Label.h; path = includes/Label.h; sourceTree = "<group>"; };
		5D0D24AE157D7A3E00C1C311 /* MBAlias.h */ = {isa = PBXFileReference; fileEncoding = 4; lastKnownFileType = sourcecode.c.h; name = MBAlias.h; path = includes/MBAlias.h; sourceTree = "<group>"; };
		5D0D24AF157D7A3E00C1C311 /* MBArtist.h */ = {isa = PBXFileReference; fileEncoding = 4; lastKnownFileType = sourcecode.c.h; name = MBArtist.h; path = includes/MBArtist.h; sourceTree = "<group>"; };
		5D0D24B0157D7A3E00C1C311 /* MBEntity.h */ = {isa = PBXFileReference; fileEncoding = 4; lastKnownFileType = sourcecode.c.h; name = MBEntity.h; path = includes/MBEntity.h; sourceTree = "<group>"; };
		5D0D24B1157D7A3E00C1C311 /* MBLifespan.h */ = {isa = PBXFileReference; fileEncoding = 4; lastKnownFileType = sourcecode.c.h; name = MBLifespan.h; path = includes/MBLifespan.h; sourceTree = "<group>"; };
		5D0D24B2157D7A3E00C1C311 /* RateAndTaggableEntity.h */ = {isa = PBXFileReference; fileEncoding = 4; lastKnownFileType = sourcecode.c.h; name = RateAndTaggableEntity.h; path = includes/RateAndTaggableEntity.h; sourceTree = "<group>"; };
		5D0D24B3157D7A3E00C1C311 /* MBRelease.h */ = {isa = PBXFileReference; fileEncoding = 4; lastKnownFileType = sourcecode.c.h; name = MBRelease.h; path = includes/MBRelease.h; sourceTree = "<group>"; };
		5D0D24B4157D7A3E00C1C311 /* MBReleaseGroup.h */ = {isa = PBXFileReference; fileEncoding = 4; lastKnownFileType = sourcecode.c.h; name = MBReleaseGroup.h; path = includes/MBReleaseGroup.h; sourceTree = "<group>"; };
		5D0D24B5157D7A3E00C1C311 /* Search.h */ = {isa = PBXFileReference; fileEncoding = 4; lastKnownFileType = sourcecode.c.h; name = Search.h; path = includes/Search.h; sourceTree = "<group>"; };
		5D0D24B6157D7A3E00C1C311 /* Track.h */ = {isa = PBXFileReference; fileEncoding = 4; lastKnownFileType = sourcecode.c.h; name = Track.h; path = includes/Track.h; sourceTree = "<group>"; };
		5D0D24C4157D7A5700C1C311 /* AccountInformation.m */ = {isa = PBXFileReference; fileEncoding = 4; lastKnownFileType = sourcecode.c.objc; name = AccountInformation.m; path = src/AccountInformation.m; sourceTree = "<group>"; };
		5D0D24C5157D7A5700C1C311 /* Label.m */ = {isa = PBXFileReference; fileEncoding = 4; lastKnownFileType = sourcecode.c.objc; name = Label.m; path = src/Label.m; sourceTree = "<group>"; };
		5D0D24C6157D7A5700C1C311 /* MBAlias.m */ = {isa = PBXFileReference; fileEncoding = 4; lastKnownFileType = sourcecode.c.objc; name = MBAlias.m; path = src/MBAlias.m; sourceTree = "<group>"; };
		5D0D24C7157D7A5700C1C311 /* MBArtist.m */ = {isa = PBXFileReference; fileEncoding = 4; lastKnownFileType = sourcecode.c.objc; name = MBArtist.m; path = src/MBArtist.m; sourceTree = "<group>"; };
		5D0D24C8157D7A5700C1C311 /* MBEntity.m */ = {isa = PBXFileReference; fileEncoding = 4; lastKnownFileType = sourcecode.c.objc; name = MBEntity.m; path = src/MBEntity.m; sourceTree = "<group>"; };
		5D0D24C9157D7A5700C1C311 /* MBLifespan.m */ = {isa = PBXFileReference; fileEncoding = 4; lastKnownFileType = sourcecode.c.objc; name = MBLifespan.m; path = src/MBLifespan.m; sourceTree = "<group>"; };
		5D0D24CA157D7A5700C1C311 /* MBRelease.m */ = {isa = PBXFileReference; fileEncoding = 4; lastKnownFileType = sourcecode.c.objc; name = MBRelease.m; path = src/MBRelease.m; sourceTree = "<group>"; };
		5D0D24CB157D7A5700C1C311 /* MBReleaseGroup.m */ = {isa = PBXFileReference; fileEncoding = 4; lastKnownFileType = sourcecode.c.objc; name = MBReleaseGroup.m; path = src/MBReleaseGroup.m; sourceTree = "<group>"; };
		5D0D24CC157D7A5700C1C311 /* Search.m */ = {isa = PBXFileReference; fileEncoding = 4; lastKnownFileType = sourcecode.c.objc; name = Search.m; path = src/Search.m; sourceTree = "<group>"; };
		5D0D24CD157D7A5700C1C311 /* Track.m */ = {isa = PBXFileReference; fileEncoding = 4; lastKnownFileType = sourcecode.c.objc; name = Track.m; path = src/Track.m; sourceTree = "<group>"; };
		5D0D24E8157D985100C1C311 /* Demo-Info.plist */ = {isa = PBXFileReference; fileEncoding = 4; lastKnownFileType = text.plist.xml; path = "Demo-Info.plist"; sourceTree = "<group>"; };
		5D0D24E9157D985100C1C311 /* Demo-Prefix.pch */ = {isa = PBXFileReference; fileEncoding = 4; lastKnownFileType = sourcecode.c.h; path = "Demo-Prefix.pch"; sourceTree = "<group>"; };
		5D0D24EA157D985100C1C311 /* DemoAppDelegate.h */ = {isa = PBXFileReference; fileEncoding = 4; lastKnownFileType = sourcecode.c.h; path = DemoAppDelegate.h; sourceTree = "<group>"; };
		5D0D24EB157D985100C1C311 /* DemoAppDelegate.m */ = {isa = PBXFileReference; fileEncoding = 4; lastKnownFileType = sourcecode.c.objc; path = DemoAppDelegate.m; sourceTree = "<group>"; };
		5D0D24EC157D985100C1C311 /* DemoViewController.h */ = {isa = PBXFileReference; fileEncoding = 4; lastKnownFileType = sourcecode.c.h; path = DemoViewController.h; sourceTree = "<group>"; };
		5D0D24ED157D985100C1C311 /* DemoViewController.m */ = {isa = PBXFileReference; fileEncoding = 4; lastKnownFileType = sourcecode.c.objc; path = DemoViewController.m; sourceTree = "<group>"; };
		5D0D24EF157D985100C1C311 /* en */ = {isa = PBXFileReference; lastKnownFileType = file.xib; name = en; path = en.lproj/DemoViewController.xib; sourceTree = "<group>"; };
		5D0D24F1157D985100C1C311 /* en */ = {isa = PBXFileReference; lastKnownFileType = text.plist.strings; name = en; path = en.lproj/InfoPlist.strings; sourceTree = "<group>"; };
		5D0D24F3157D985100C1C311 /* en */ = {isa = PBXFileReference; lastKnownFileType = file.xib; name = en; path = en.lproj/MainWindow.xib; sourceTree = "<group>"; };
		5D0D24F4157D985100C1C311 /* main.m */ = {isa = PBXFileReference; fileEncoding = 4; lastKnownFileType = sourcecode.c.objc; path = main.m; sourceTree = "<group>"; };
		5D0D24F5157D985100C1C311 /* Demo.xcodeproj */ = {isa = PBXFileReference; lastKnownFileType = "wrapper.pb-project"; path = Demo.xcodeproj; sourceTree = "<group>"; };
		5D0D24F9157D985100C1C311 /* complex.xml */ = {isa = PBXFileReference; fileEncoding = 4; lastKnownFileType = text.xml; path = complex.xml; sourceTree = "<group>"; };
		5D0D24FB157D985100C1C311 /* en */ = {isa = PBXFileReference; lastKnownFileType = text.plist.strings; name = en; path = en.lproj/InfoPlist.strings; sourceTree = "<group>"; };
		5D0D24FC157D985100C1C311 /* XMLReaderTests-Info.plist */ = {isa = PBXFileReference; fileEncoding = 4; lastKnownFileType = text.plist.xml; path = "XMLReaderTests-Info.plist"; sourceTree = "<group>"; };
		5D0D24FD157D985100C1C311 /* XMLReaderTests-Prefix.pch */ = {isa = PBXFileReference; fileEncoding = 4; lastKnownFileType = sourcecode.c.h; path = "XMLReaderTests-Prefix.pch"; sourceTree = "<group>"; };
		5D0D24FE157D985100C1C311 /* XMLReaderTests.h */ = {isa = PBXFileReference; fileEncoding = 4; lastKnownFileType = sourcecode.c.h; path = XMLReaderTests.h; sourceTree = "<group>"; };
		5D0D24FF157D985100C1C311 /* XMLReaderTests.m */ = {isa = PBXFileReference; fileEncoding = 4; lastKnownFileType = sourcecode.c.objc; path = XMLReaderTests.m; sourceTree = "<group>"; };
		5D0D2500157D985100C1C311 /* LICENCE */ = {isa = PBXFileReference; fileEncoding = 4; lastKnownFileType = text; path = LICENCE; sourceTree = "<group>"; };
		5D0D2501157D985100C1C311 /* README */ = {isa = PBXFileReference; fileEncoding = 4; lastKnownFileType = text; path = README; sourceTree = "<group>"; };
		5D0D2502157D985100C1C311 /* XMLReader.h */ = {isa = PBXFileReference; fileEncoding = 4; lastKnownFileType = sourcecode.c.h; path = XMLReader.h; sourceTree = "<group>"; };
		5D0D2503157D985100C1C311 /* XMLReader.m */ = {isa = PBXFileReference; fileEncoding = 4; lastKnownFileType = sourcecode.c.objc; path = XMLReader.m; sourceTree = "<group>"; };
		5D0D252D157E652A00C1C311 /* MBEntity-protected.h */ = {isa = PBXFileReference; fileEncoding = 4; lastKnownFileType = sourcecode.c.h; name = "MBEntity-protected.h"; path = "includes/MBEntity-protected.h"; sourceTree = "<group>"; };
		5D0D252F157E74AE00C1C311 /* MB.h */ = {isa = PBXFileReference; fileEncoding = 4; lastKnownFileType = sourcecode.c.h; name = MB.h; path = includes/MB.h; sourceTree = "<group>"; };
		5D37CE8A156EED760073FA11 /* libxml2.dylib */ = {isa = PBXFileReference; lastKnownFileType = "compiled.mach-o.dylib"; name = libxml2.dylib; path = usr/lib/libxml2.dylib; sourceTree = SDKROOT; };
		5D61B7CB155F3F9A0003006A /* liblibmusicbrainz-objc.a */ = {isa = PBXFileReference; explicitFileType = archive.ar; includeInIndex = 0; path = "liblibmusicbrainz-objc.a"; sourceTree = BUILT_PRODUCTS_DIR; };
		5D61B7CE155F3F9A0003006A /* Foundation.framework */ = {isa = PBXFileReference; lastKnownFileType = wrapper.framework; name = Foundation.framework; path = System/Library/Frameworks/Foundation.framework; sourceTree = SDKROOT; };
		5D61B7D2155F3F9B0003006A /* libmusicbrainz-objc-Prefix.pch */ = {isa = PBXFileReference; lastKnownFileType = sourcecode.c.h; path = "libmusicbrainz-objc-Prefix.pch"; sourceTree = "<group>"; };
		5D61B7D3155F3F9B0003006A /* libmusicbrainz_objc.h */ = {isa = PBXFileReference; lastKnownFileType = sourcecode.c.h; path = libmusicbrainz_objc.h; sourceTree = "<group>"; };
		5D61B7D4155F3F9B0003006A /* libmusicbrainz_objc.m */ = {isa = PBXFileReference; lastKnownFileType = sourcecode.c.objc; path = libmusicbrainz_objc.m; sourceTree = "<group>"; };
		5D61B7DB155F3F9B0003006A /* libmusicbrainz-objcTests.octest */ = {isa = PBXFileReference; explicitFileType = wrapper.cfbundle; includeInIndex = 0; path = "libmusicbrainz-objcTests.octest"; sourceTree = BUILT_PRODUCTS_DIR; };
		5D61B7DC155F3F9B0003006A /* SenTestingKit.framework */ = {isa = PBXFileReference; lastKnownFileType = wrapper.framework; name = SenTestingKit.framework; path = Library/Frameworks/SenTestingKit.framework; sourceTree = DEVELOPER_DIR; };
		5D61B7DE155F3F9B0003006A /* UIKit.framework */ = {isa = PBXFileReference; lastKnownFileType = wrapper.framework; name = UIKit.framework; path = Library/Frameworks/UIKit.framework; sourceTree = DEVELOPER_DIR; };
		5D61B7E6155F3F9B0003006A /* libmusicbrainz-objcTests-Info.plist */ = {isa = PBXFileReference; lastKnownFileType = text.plist.xml; path = "libmusicbrainz-objcTests-Info.plist"; sourceTree = "<group>"; };
		5D61B7E8155F3F9B0003006A /* en */ = {isa = PBXFileReference; lastKnownFileType = text.plist.strings; name = en; path = en.lproj/InfoPlist.strings; sourceTree = "<group>"; };
		5D61B7EA155F3F9B0003006A /* libmusicbrainz_objcTests.h */ = {isa = PBXFileReference; lastKnownFileType = sourcecode.c.h; path = libmusicbrainz_objcTests.h; sourceTree = "<group>"; };
		5D61B7EB155F3F9B0003006A /* libmusicbrainz_objcTests.m */ = {isa = PBXFileReference; lastKnownFileType = sourcecode.c.objc; path = libmusicbrainz_objcTests.m; sourceTree = "<group>"; };
		5D61B89F155F5D640003006A /* doxygen.config */ = {isa = PBXFileReference; fileEncoding = 4; lastKnownFileType = text; path = doxygen.config; sourceTree = "<group>"; };
		5D61B8A1155F5D840003006A /* docs */ = {isa = PBXFileReference; lastKnownFileType = folder; path = docs; sourceTree = "<group>"; };
		5D64F527155F671E00F47DBF /* LICENSE */ = {isa = PBXFileReference; lastKnownFileType = text; path = LICENSE; sourceTree = "<group>"; };
		5D64F54A155F6DC500F47DBF /* README.md */ = {isa = PBXFileReference; lastKnownFileType = text; path = README.md; sourceTree = "<group>"; };
/* End PBXFileReference section */

/* Begin PBXFrameworksBuildPhase section */
		5D61B7C8155F3F9A0003006A /* Frameworks */ = {
			isa = PBXFrameworksBuildPhase;
			buildActionMask = 2147483647;
			files = (
				5D61B7CF155F3F9B0003006A /* Foundation.framework in Frameworks */,
			);
			runOnlyForDeploymentPostprocessing = 0;
		};
		5D61B7D7155F3F9B0003006A /* Frameworks */ = {
			isa = PBXFrameworksBuildPhase;
			buildActionMask = 2147483647;
			files = (
				5D37CE8B156EED760073FA11 /* libxml2.dylib in Frameworks */,
				5D61B7DD155F3F9B0003006A /* SenTestingKit.framework in Frameworks */,
				5D61B7DF155F3F9B0003006A /* UIKit.framework in Frameworks */,
				5D61B7E0155F3F9B0003006A /* Foundation.framework in Frameworks */,
				5D61B7E3155F3F9B0003006A /* liblibmusicbrainz-objc.a in Frameworks */,
			);
			runOnlyForDeploymentPostprocessing = 0;
		};
/* End PBXFrameworksBuildPhase section */

/* Begin PBXGroup section */
		5D0D24AA157D7A1E00C1C311 /* includes */ = {
			isa = PBXGroup;
			children = (
				5D0D252F157E74AE00C1C311 /* MB.h */,
				5D0D24B0157D7A3E00C1C311 /* MBEntity.h */,
				5D0D252D157E652A00C1C311 /* MBEntity-protected.h */,
				5D0D24AF157D7A3E00C1C311 /* MBArtist.h */,
				5D0D24B3157D7A3E00C1C311 /* MBRelease.h */,
				5D0D24B4157D7A3E00C1C311 /* MBReleaseGroup.h */,
				5D0D24AC157D7A3E00C1C311 /* AccountInformation.h */,
				5D0D24AD157D7A3E00C1C311 /* Label.h */,
				5D0D24AE157D7A3E00C1C311 /* MBAlias.h */,
				5D0D24B1157D7A3E00C1C311 /* MBLifespan.h */,
				5D0D24B2157D7A3E00C1C311 /* RateAndTaggableEntity.h */,
				5D0D24B5157D7A3E00C1C311 /* Search.h */,
				5D0D24B6157D7A3E00C1C311 /* Track.h */,
			);
			name = includes;
			sourceTree = "<group>";
		};
		5D0D24AB157D7A2600C1C311 /* src */ = {
			isa = PBXGroup;
			children = (
				5D0D24C8157D7A5700C1C311 /* MBEntity.m */,
				5D0D24C7157D7A5700C1C311 /* MBArtist.m */,
				5D0D24CA157D7A5700C1C311 /* MBRelease.m */,
				5D0D24CB157D7A5700C1C311 /* MBReleaseGroup.m */,
				5D0D24C4157D7A5700C1C311 /* AccountInformation.m */,
				5D0D24C5157D7A5700C1C311 /* Label.m */,
				5D0D24C6157D7A5700C1C311 /* MBAlias.m */,
				5D0D24C9157D7A5700C1C311 /* MBLifespan.m */,
				5D0D24CC157D7A5700C1C311 /* Search.m */,
				5D0D24CD157D7A5700C1C311 /* Track.m */,
			);
			name = src;
			sourceTree = "<group>";
		};
		5D0D24E5157D985100C1C311 /* XML-to-NSDictionary */ = {
			isa = PBXGroup;
			children = (
				5D0D24E6157D985100C1C311 /* Demo */,
				5D0D2500157D985100C1C311 /* LICENCE */,
				5D0D2501157D985100C1C311 /* README */,
				5D0D2502157D985100C1C311 /* XMLReader.h */,
				5D0D2503157D985100C1C311 /* XMLReader.m */,
			);
			path = "XML-to-NSDictionary";
			sourceTree = "<group>";
		};
		5D0D24E6157D985100C1C311 /* Demo */ = {
			isa = PBXGroup;
			children = (
				5D0D24E7157D985100C1C311 /* Demo */,
				5D0D24F5157D985100C1C311 /* Demo.xcodeproj */,
				5D0D24F8157D985100C1C311 /* XMLReaderTests */,
			);
			path = Demo;
			sourceTree = "<group>";
		};
		5D0D24E7157D985100C1C311 /* Demo */ = {
			isa = PBXGroup;
			children = (
				5D0D24E8157D985100C1C311 /* Demo-Info.plist */,
				5D0D24E9157D985100C1C311 /* Demo-Prefix.pch */,
				5D0D24EA157D985100C1C311 /* DemoAppDelegate.h */,
				5D0D24EB157D985100C1C311 /* DemoAppDelegate.m */,
				5D0D24EC157D985100C1C311 /* DemoViewController.h */,
				5D0D24ED157D985100C1C311 /* DemoViewController.m */,
				5D0D24EE157D985100C1C311 /* DemoViewController.xib */,
				5D0D24F0157D985100C1C311 /* InfoPlist.strings */,
				5D0D24F2157D985100C1C311 /* MainWindow.xib */,
				5D0D24F4157D985100C1C311 /* main.m */,
			);
			path = Demo;
			sourceTree = "<group>";
		};
		5D0D24F6157D985100C1C311 /* Products */ = {
			isa = PBXGroup;
			children = (
				5D0D251F157D985200C1C311 /* Demo.app */,
				5D0D2521157D985200C1C311 /* XMLReaderTests.octest */,
			);
			name = Products;
			sourceTree = "<group>";
		};
		5D0D24F8157D985100C1C311 /* XMLReaderTests */ = {
			isa = PBXGroup;
			children = (
				5D0D24F9157D985100C1C311 /* complex.xml */,
				5D0D24FA157D985100C1C311 /* InfoPlist.strings */,
				5D0D24FC157D985100C1C311 /* XMLReaderTests-Info.plist */,
				5D0D24FD157D985100C1C311 /* XMLReaderTests-Prefix.pch */,
				5D0D24FE157D985100C1C311 /* XMLReaderTests.h */,
				5D0D24FF157D985100C1C311 /* XMLReaderTests.m */,
			);
			path = XMLReaderTests;
			sourceTree = "<group>";
		};
		5D61B7C0155F3F9A0003006A = {
			isa = PBXGroup;
			children = (
				5D64F527155F671E00F47DBF /* LICENSE */,
				5D64F54A155F6DC500F47DBF /* README.md */,
				5D61B8A1155F5D840003006A /* docs */,
				5D61B89F155F5D640003006A /* doxygen.config */,
				5D61B7D0155F3F9B0003006A /* libmusicbrainz-objc */,
				5D61B7E4155F3F9B0003006A /* libmusicbrainz-objcTests */,
				5D61B7CD155F3F9A0003006A /* Frameworks */,
				5D61B7CC155F3F9A0003006A /* Products */,
			);
			sourceTree = "<group>";
		};
		5D61B7CC155F3F9A0003006A /* Products */ = {
			isa = PBXGroup;
			children = (
				5D61B7CB155F3F9A0003006A /* liblibmusicbrainz-objc.a */,
				5D61B7DB155F3F9B0003006A /* libmusicbrainz-objcTests.octest */,
			);
			name = Products;
			sourceTree = "<group>";
		};
		5D61B7CD155F3F9A0003006A /* Frameworks */ = {
			isa = PBXGroup;
			children = (
				5D37CE8A156EED760073FA11 /* libxml2.dylib */,
				5D61B7CE155F3F9A0003006A /* Foundation.framework */,
				5D61B7DC155F3F9B0003006A /* SenTestingKit.framework */,
				5D61B7DE155F3F9B0003006A /* UIKit.framework */,
			);
			name = Frameworks;
			sourceTree = "<group>";
		};
		5D61B7D0155F3F9B0003006A /* libmusicbrainz-objc */ = {
			isa = PBXGroup;
			children = (
				5D0D24E5157D985100C1C311 /* XML-to-NSDictionary */,
				5D0D24AB157D7A2600C1C311 /* src */,
				5D0D24AA157D7A1E00C1C311 /* includes */,
				5D61B7D3155F3F9B0003006A /* libmusicbrainz_objc.h */,
				5D61B7D4155F3F9B0003006A /* libmusicbrainz_objc.m */,
				5D61B7D1155F3F9B0003006A /* Supporting Files */,
			);
			path = "libmusicbrainz-objc";
			sourceTree = "<group>";
		};
		5D61B7D1155F3F9B0003006A /* Supporting Files */ = {
			isa = PBXGroup;
			children = (
				5D61B7D2155F3F9B0003006A /* libmusicbrainz-objc-Prefix.pch */,
			);
			name = "Supporting Files";
			sourceTree = "<group>";
		};
		5D61B7E4155F3F9B0003006A /* libmusicbrainz-objcTests */ = {
			isa = PBXGroup;
			children = (
				5D61B7EA155F3F9B0003006A /* libmusicbrainz_objcTests.h */,
				5D61B7EB155F3F9B0003006A /* libmusicbrainz_objcTests.m */,
				5D61B7E5155F3F9B0003006A /* Supporting Files */,
			);
			path = "libmusicbrainz-objcTests";
			sourceTree = "<group>";
		};
		5D61B7E5155F3F9B0003006A /* Supporting Files */ = {
			isa = PBXGroup;
			children = (
				5D61B7E6155F3F9B0003006A /* libmusicbrainz-objcTests-Info.plist */,
				5D61B7E7155F3F9B0003006A /* InfoPlist.strings */,
			);
			name = "Supporting Files";
			sourceTree = "<group>";
		};
/* End PBXGroup section */

/* Begin PBXHeadersBuildPhase section */
		5D61B7C9155F3F9A0003006A /* Headers */ = {
			isa = PBXHeadersBuildPhase;
			buildActionMask = 2147483647;
			files = (
				5D0D24B8157D7A3E00C1C311 /* AccountInformation.h in Headers */,
				5D0D24B9157D7A3E00C1C311 /* Label.h in Headers */,
				5D0D24BA157D7A3E00C1C311 /* MBAlias.h in Headers */,
				5D0D24BB157D7A3E00C1C311 /* MBArtist.h in Headers */,
				5D0D24BC157D7A3E00C1C311 /* MBEntity.h in Headers */,
				5D0D24BD157D7A3E00C1C311 /* MBLifespan.h in Headers */,
				5D0D24BE157D7A3E00C1C311 /* RateAndTaggableEntity.h in Headers */,
				5D0D24BF157D7A3E00C1C311 /* MBRelease.h in Headers */,
				5D0D24C0157D7A3E00C1C311 /* MBReleaseGroup.h in Headers */,
				5D0D24C1157D7A3E00C1C311 /* Search.h in Headers */,
				5D0D24C2157D7A3E00C1C311 /* Track.h in Headers */,
				5D0D2509157D985200C1C311 /* Demo-Prefix.pch in Headers */,
				5D0D250A157D985200C1C311 /* DemoAppDelegate.h in Headers */,
				5D0D250C157D985200C1C311 /* DemoViewController.h in Headers */,
				5D0D2515157D985200C1C311 /* XMLReaderTests-Prefix.pch in Headers */,
				5D0D2516157D985200C1C311 /* XMLReaderTests.h in Headers */,
				5D0D251A157D985200C1C311 /* XMLReader.h in Headers */,
				5D0D252E157E652A00C1C311 /* MBEntity-protected.h in Headers */,
				5D0D2530157E74AE00C1C311 /* MB.h in Headers */,
			);
			runOnlyForDeploymentPostprocessing = 0;
		};
/* End PBXHeadersBuildPhase section */

/* Begin PBXNativeTarget section */
		5D61B7CA155F3F9A0003006A /* libmusicbrainz-objc */ = {
			isa = PBXNativeTarget;
			buildConfigurationList = 5D61B7EF155F3F9B0003006A /* Build configuration list for PBXNativeTarget "libmusicbrainz-objc" */;
			buildPhases = (
				5D61B7C7155F3F9A0003006A /* Sources */,
				5D61B7C8155F3F9A0003006A /* Frameworks */,
				5D61B7C9155F3F9A0003006A /* Headers */,
				5D61B89E155F561B0003006A /* Resources */,
			);
			buildRules = (
			);
			dependencies = (
			);
			name = "libmusicbrainz-objc";
			productName = "libmusicbrainz-objc";
			productReference = 5D61B7CB155F3F9A0003006A /* liblibmusicbrainz-objc.a */;
			productType = "com.apple.product-type.library.static";
		};
		5D61B7DA155F3F9B0003006A /* libmusicbrainz-objcTests */ = {
			isa = PBXNativeTarget;
			buildConfigurationList = 5D61B7F2155F3F9B0003006A /* Build configuration list for PBXNativeTarget "libmusicbrainz-objcTests" */;
			buildPhases = (
				5D61B7D6155F3F9B0003006A /* Sources */,
				5D61B7D7155F3F9B0003006A /* Frameworks */,
				5D61B7D8155F3F9B0003006A /* Resources */,
				5D61B7D9155F3F9B0003006A /* ShellScript */,
			);
			buildRules = (
			);
			dependencies = (
				5D61B7E2155F3F9B0003006A /* PBXTargetDependency */,
			);
			name = "libmusicbrainz-objcTests";
			productName = "libmusicbrainz-objcTests";
			productReference = 5D61B7DB155F3F9B0003006A /* libmusicbrainz-objcTests.octest */;
			productType = "com.apple.product-type.bundle";
		};
/* End PBXNativeTarget section */

/* Begin PBXProject section */
		5D61B7C2155F3F9A0003006A /* Project object */ = {
			isa = PBXProject;
			attributes = {
				LastUpgradeCheck = 0430;
			};
			buildConfigurationList = 5D61B7C5155F3F9A0003006A /* Build configuration list for PBXProject "libmusicbrainz-objc" */;
			compatibilityVersion = "Xcode 3.2";
			developmentRegion = English;
			hasScannedForEncodings = 0;
			knownRegions = (
				en,
				English,
			);
			mainGroup = 5D61B7C0155F3F9A0003006A;
			productRefGroup = 5D61B7CC155F3F9A0003006A /* Products */;
			projectDirPath = "";
			projectReferences = (
				{
					ProductGroup = 5D0D24F6157D985100C1C311 /* Products */;
					ProjectRef = 5D0D24F5157D985100C1C311 /* Demo.xcodeproj */;
				},
			);
			projectRoot = "";
			targets = (
				5D61B7CA155F3F9A0003006A /* libmusicbrainz-objc */,
				5D61B7DA155F3F9B0003006A /* libmusicbrainz-objcTests */,
			);
		};
/* End PBXProject section */

/* Begin PBXReferenceProxy section */
		5D0D251F157D985200C1C311 /* Demo.app */ = {
			isa = PBXReferenceProxy;
			fileType = wrapper.application;
			path = Demo.app;
			remoteRef = 5D0D251E157D985200C1C311 /* PBXContainerItemProxy */;
			sourceTree = BUILT_PRODUCTS_DIR;
		};
		5D0D2521157D985200C1C311 /* XMLReaderTests.octest */ = {
			isa = PBXReferenceProxy;
			fileType = wrapper.cfbundle;
			path = XMLReaderTests.octest;
			remoteRef = 5D0D2520157D985200C1C311 /* PBXContainerItemProxy */;
			sourceTree = BUILT_PRODUCTS_DIR;
		};
/* End PBXReferenceProxy section */

/* Begin PBXResourcesBuildPhase section */
		5D61B7D8155F3F9B0003006A /* Resources */ = {
			isa = PBXResourcesBuildPhase;
			buildActionMask = 2147483647;
			files = (
				5D61B7E9155F3F9B0003006A /* InfoPlist.strings in Resources */,
			);
			runOnlyForDeploymentPostprocessing = 0;
		};
		5D61B89E155F561B0003006A /* Resources */ = {
			isa = PBXResourcesBuildPhase;
			buildActionMask = 2147483647;
			files = (
				5D0D2508157D985200C1C311 /* Demo-Info.plist in Resources */,
				5D0D250E157D985200C1C311 /* DemoViewController.xib in Resources */,
				5D0D250F157D985200C1C311 /* InfoPlist.strings in Resources */,
				5D0D2510157D985200C1C311 /* MainWindow.xib in Resources */,
				5D0D2512157D985200C1C311 /* complex.xml in Resources */,
				5D0D2513157D985200C1C311 /* InfoPlist.strings in Resources */,
				5D0D2514157D985200C1C311 /* XMLReaderTests-Info.plist in Resources */,
				5D0D2518157D985200C1C311 /* LICENCE in Resources */,
				5D0D2519157D985200C1C311 /* README in Resources */,
			);
			runOnlyForDeploymentPostprocessing = 0;
		};
/* End PBXResourcesBuildPhase section */

/* Begin PBXShellScriptBuildPhase section */
		5D61B7D9155F3F9B0003006A /* ShellScript */ = {
			isa = PBXShellScriptBuildPhase;
			buildActionMask = 2147483647;
			files = (
			);
			inputPaths = (
			);
			outputPaths = (
			);
			runOnlyForDeploymentPostprocessing = 0;
			shellPath = /bin/sh;
			shellScript = "# Run the unit tests in this test bundle.\n\"${SYSTEM_DEVELOPER_DIR}/Tools/RunUnitTests\"\n";
		};
/* End PBXShellScriptBuildPhase section */

/* Begin PBXSourcesBuildPhase section */
		5D61B7C7155F3F9A0003006A /* Sources */ = {
			isa = PBXSourcesBuildPhase;
			buildActionMask = 2147483647;
			files = (
				5D61B7D5155F3F9B0003006A /* libmusicbrainz_objc.m in Sources */,
				5D0D24CE157D7A5700C1C311 /* AccountInformation.m in Sources */,
				5D0D24CF157D7A5700C1C311 /* Label.m in Sources */,
				5D0D24D0157D7A5700C1C311 /* MBAlias.m in Sources */,
				5D0D24D1157D7A5700C1C311 /* MBArtist.m in Sources */,
				5D0D24D2157D7A5700C1C311 /* MBEntity.m in Sources */,
				5D0D24D3157D7A5700C1C311 /* MBLifespan.m in Sources */,
				5D0D24D4157D7A5700C1C311 /* MBRelease.m in Sources */,
				5D0D24D5157D7A5700C1C311 /* MBReleaseGroup.m in Sources */,
				5D0D24D6157D7A5700C1C311 /* Search.m in Sources */,
				5D0D24D7157D7A5700C1C311 /* Track.m in Sources */,
				5D0D250B157D985200C1C311 /* DemoAppDelegate.m in Sources */,
				5D0D250D157D985200C1C311 /* DemoViewController.m in Sources */,
				5D0D2511157D985200C1C311 /* main.m in Sources */,
				5D0D2517157D985200C1C311 /* XMLReaderTests.m in Sources */,
				5D0D251B157D985200C1C311 /* XMLReader.m in Sources */,
			);
			runOnlyForDeploymentPostprocessing = 0;
		};
		5D61B7D6155F3F9B0003006A /* Sources */ = {
			isa = PBXSourcesBuildPhase;
			buildActionMask = 2147483647;
			files = (
				5D61B7EC155F3F9B0003006A /* libmusicbrainz_objcTests.m in Sources */,
			);
			runOnlyForDeploymentPostprocessing = 0;
		};
/* End PBXSourcesBuildPhase section */

/* Begin PBXTargetDependency section */
		5D61B7E2155F3F9B0003006A /* PBXTargetDependency */ = {
			isa = PBXTargetDependency;
			target = 5D61B7CA155F3F9A0003006A /* libmusicbrainz-objc */;
			targetProxy = 5D61B7E1155F3F9B0003006A /* PBXContainerItemProxy */;
		};
/* End PBXTargetDependency section */

/* Begin PBXVariantGroup section */
		5D0D24EE157D985100C1C311 /* DemoViewController.xib */ = {
			isa = PBXVariantGroup;
			children = (
				5D0D24EF157D985100C1C311 /* en */,
			);
			name = DemoViewController.xib;
			sourceTree = "<group>";
		};
		5D0D24F0157D985100C1C311 /* InfoPlist.strings */ = {
			isa = PBXVariantGroup;
			children = (
				5D0D24F1157D985100C1C311 /* en */,
			);
			name = InfoPlist.strings;
			sourceTree = "<group>";
		};
		5D0D24F2157D985100C1C311 /* MainWindow.xib */ = {
			isa = PBXVariantGroup;
			children = (
				5D0D24F3157D985100C1C311 /* en */,
			);
			name = MainWindow.xib;
			sourceTree = "<group>";
		};
		5D0D24FA157D985100C1C311 /* InfoPlist.strings */ = {
			isa = PBXVariantGroup;
			children = (
				5D0D24FB157D985100C1C311 /* en */,
			);
			name = InfoPlist.strings;
			sourceTree = "<group>";
		};
		5D61B7E7155F3F9B0003006A /* InfoPlist.strings */ = {
			isa = PBXVariantGroup;
			children = (
				5D61B7E8155F3F9B0003006A /* en */,
			);
			name = InfoPlist.strings;
			sourceTree = "<group>";
		};
/* End PBXVariantGroup section */

/* Begin XCBuildConfiguration section */
		5D61B7ED155F3F9B0003006A /* Debug */ = {
			isa = XCBuildConfiguration;
			buildSettings = {
				ALWAYS_SEARCH_USER_PATHS = YES;
				ARCHS = "$(ARCHS_STANDARD_32_BIT)";
				CLANG_ENABLE_OBJC_ARC = YES;
				COPY_PHASE_STRIP = NO;
				GCC_C_LANGUAGE_STANDARD = gnu99;
				GCC_DYNAMIC_NO_PIC = NO;
				GCC_OPTIMIZATION_LEVEL = 0;
				GCC_PREPROCESSOR_DEFINITIONS = (
					"DEBUG=1",
					"$(inherited)",
				);
				GCC_SYMBOLS_PRIVATE_EXTERN = NO;
				GCC_VERSION = "";
				GCC_WARN_ABOUT_RETURN_TYPE = YES;
				GCC_WARN_UNINITIALIZED_AUTOS = YES;
				GCC_WARN_UNUSED_VARIABLE = YES;
				IPHONEOS_DEPLOYMENT_TARGET = 5.1;
				MACH_O_TYPE = staticlib;
				SDKROOT = iphoneos;
				TARGETED_DEVICE_FAMILY = "1,2";
			};
			name = Debug;
		};
		5D61B7EE155F3F9B0003006A /* Release */ = {
			isa = XCBuildConfiguration;
			buildSettings = {
				ALWAYS_SEARCH_USER_PATHS = YES;
				ARCHS = "$(ARCHS_STANDARD_32_BIT)";
				CLANG_ENABLE_OBJC_ARC = YES;
				COPY_PHASE_STRIP = YES;
				GCC_C_LANGUAGE_STANDARD = gnu99;
				GCC_VERSION = "";
				GCC_WARN_ABOUT_RETURN_TYPE = YES;
				GCC_WARN_UNINITIALIZED_AUTOS = YES;
				GCC_WARN_UNUSED_VARIABLE = YES;
				IPHONEOS_DEPLOYMENT_TARGET = 5.1;
				MACH_O_TYPE = staticlib;
				SDKROOT = iphoneos;
				TARGETED_DEVICE_FAMILY = "1,2";
				VALIDATE_PRODUCT = YES;
			};
			name = Release;
		};
		5D61B7F0155F3F9B0003006A /* Debug */ = {
			isa = XCBuildConfiguration;
			buildSettings = {
				DSTROOT = /tmp/libmusicbrainz_objc.dst;
				GCC_PRECOMPILE_PREFIX_HEADER = YES;
				GCC_PREFIX_HEADER = "libmusicbrainz-objc/libmusicbrainz-objc-Prefix.pch";
				HEADER_SEARCH_PATHS = "$(SDKROOT)/usr/include/libxml2";
				OTHER_LDFLAGS = "-ObjC";
				PRODUCT_NAME = "$(TARGET_NAME)";
				SKIP_INSTALL = YES;
				TARGETED_DEVICE_FAMILY = "1,2";
			};
			name = Debug;
		};
		5D61B7F1155F3F9B0003006A /* Release */ = {
			isa = XCBuildConfiguration;
			buildSettings = {
				DSTROOT = /tmp/libmusicbrainz_objc.dst;
				GCC_PRECOMPILE_PREFIX_HEADER = YES;
				GCC_PREFIX_HEADER = "libmusicbrainz-objc/libmusicbrainz-objc-Prefix.pch";
				HEADER_SEARCH_PATHS = "$(SDKROOT)/usr/include/libxml2";
				OTHER_LDFLAGS = "-ObjC";
				PRODUCT_NAME = "$(TARGET_NAME)";
				SKIP_INSTALL = YES;
				TARGETED_DEVICE_FAMILY = "1,2";
			};
			name = Release;
		};
		5D61B7F3155F3F9B0003006A /* Debug */ = {
			isa = XCBuildConfiguration;
			buildSettings = {
				FRAMEWORK_SEARCH_PATHS = (
					"$(SDKROOT)/Developer/Library/Frameworks",
					"$(DEVELOPER_LIBRARY_DIR)/Frameworks",
				);
				GCC_PRECOMPILE_PREFIX_HEADER = YES;
				GCC_PREFIX_HEADER = "libmusicbrainz-objc/libmusicbrainz-objc-Prefix.pch";
				INFOPLIST_FILE = "libmusicbrainz-objcTests/libmusicbrainz-objcTests-Info.plist";
				PRODUCT_NAME = "$(TARGET_NAME)";
				WRAPPER_EXTENSION = octest;
			};
			name = Debug;
		};
		5D61B7F4155F3F9B0003006A /* Release */ = {
			isa = XCBuildConfiguration;
			buildSettings = {
				FRAMEWORK_SEARCH_PATHS = (
					"$(SDKROOT)/Developer/Library/Frameworks",
					"$(DEVELOPER_LIBRARY_DIR)/Frameworks",
				);
				GCC_PRECOMPILE_PREFIX_HEADER = YES;
				GCC_PREFIX_HEADER = "libmusicbrainz-objc/libmusicbrainz-objc-Prefix.pch";
				INFOPLIST_FILE = "libmusicbrainz-objcTests/libmusicbrainz-objcTests-Info.plist";
				PRODUCT_NAME = "$(TARGET_NAME)";
				WRAPPER_EXTENSION = octest;
			};
			name = Release;
		};
/* End XCBuildConfiguration section */

/* Begin XCConfigurationList section */
		5D61B7C5155F3F9A0003006A /* Build configuration list for PBXProject "libmusicbrainz-objc" */ = {
			isa = XCConfigurationList;
			buildConfigurations = (
				5D61B7ED155F3F9B0003006A /* Debug */,
				5D61B7EE155F3F9B0003006A /* Release */,
			);
			defaultConfigurationIsVisible = 0;
			defaultConfigurationName = Release;
		};
		5D61B7EF155F3F9B0003006A /* Build configuration list for PBXNativeTarget "libmusicbrainz-objc" */ = {
			isa = XCConfigurationList;
			buildConfigurations = (
				5D61B7F0155F3F9B0003006A /* Debug */,
				5D61B7F1155F3F9B0003006A /* Release */,
			);
			defaultConfigurationIsVisible = 0;
			defaultConfigurationName = Release;
		};
		5D61B7F2155F3F9B0003006A /* Build configuration list for PBXNativeTarget "libmusicbrainz-objcTests" */ = {
			isa = XCConfigurationList;
			buildConfigurations = (
				5D61B7F3155F3F9B0003006A /* Debug */,
				5D61B7F4155F3F9B0003006A /* Release */,
			);
			defaultConfigurationIsVisible = 0;
			defaultConfigurationName = Release;
		};
/* End XCConfigurationList section */
	};
	rootObject = 5D61B7C2155F3F9A0003006A /* Project object */;
}
