// !$*UTF8*$!
{
	archiveVersion = 1;
	classes = {
	};
	objectVersion = 46;
	objects = {

/* Begin PBXBuildFile section */
		5D0D24CE157D7A5700C1C311 /* AccountInformation.m in Sources */ = {isa = PBXBuildFile; fileRef = 5D0D24C4157D7A5700C1C311 /* AccountInformation.m */; };
		5D0D24CF157D7A5700C1C311 /* MBLabel.m in Sources */ = {isa = PBXBuildFile; fileRef = 5D0D24C5157D7A5700C1C311 /* MBLabel.m */; };
		5D0D24D0157D7A5700C1C311 /* MBAlias.m in Sources */ = {isa = PBXBuildFile; fileRef = 5D0D24C6157D7A5700C1C311 /* MBAlias.m */; };
		5D0D24D1157D7A5700C1C311 /* MBArtist.m in Sources */ = {isa = PBXBuildFile; fileRef = 5D0D24C7157D7A5700C1C311 /* MBArtist.m */; };
		5D0D24D2157D7A5700C1C311 /* MBEntity.m in Sources */ = {isa = PBXBuildFile; fileRef = 5D0D24C8157D7A5700C1C311 /* MBEntity.m */; };
		5D0D24D3157D7A5700C1C311 /* MBLifeSpan.m in Sources */ = {isa = PBXBuildFile; fileRef = 5D0D24C9157D7A5700C1C311 /* MBLifeSpan.m */; };
		5D0D24D4157D7A5700C1C311 /* MBRelease.m in Sources */ = {isa = PBXBuildFile; fileRef = 5D0D24CA157D7A5700C1C311 /* MBRelease.m */; };
		5D0D24D5157D7A5700C1C311 /* MBReleaseGroup.m in Sources */ = {isa = PBXBuildFile; fileRef = 5D0D24CB157D7A5700C1C311 /* MBReleaseGroup.m */; };
		5D0D24D6157D7A5700C1C311 /* Search.m in Sources */ = {isa = PBXBuildFile; fileRef = 5D0D24CC157D7A5700C1C311 /* Search.m */; };
		5D0D2508157D985200C1C311 /* Demo-Info.plist in Resources */ = {isa = PBXBuildFile; fileRef = 5D0D24E8157D985100C1C311 /* Demo-Info.plist */; };
		5D0D2509157D985200C1C311 /* Demo-Prefix.pch in Headers */ = {isa = PBXBuildFile; fileRef = 5D0D24E9157D985100C1C311 /* Demo-Prefix.pch */; };
		5D0D250A157D985200C1C311 /* DemoAppDelegate.h in Headers */ = {isa = PBXBuildFile; fileRef = 5D0D24EA157D985100C1C311 /* DemoAppDelegate.h */; };
		5D0D250C157D985200C1C311 /* DemoViewController.h in Headers */ = {isa = PBXBuildFile; fileRef = 5D0D24EC157D985100C1C311 /* DemoViewController.h */; };
		5D0D250E157D985200C1C311 /* DemoViewController.xib in Resources */ = {isa = PBXBuildFile; fileRef = 5D0D24EE157D985100C1C311 /* DemoViewController.xib */; };
		5D0D250F157D985200C1C311 /* InfoPlist.strings in Resources */ = {isa = PBXBuildFile; fileRef = 5D0D24F0157D985100C1C311 /* InfoPlist.strings */; };
		5D0D2510157D985200C1C311 /* MainWindow.xib in Resources */ = {isa = PBXBuildFile; fileRef = 5D0D24F2157D985100C1C311 /* MainWindow.xib */; };
		5D0D2512157D985200C1C311 /* complex.xml in Resources */ = {isa = PBXBuildFile; fileRef = 5D0D24F9157D985100C1C311 /* complex.xml */; };
		5D0D2513157D985200C1C311 /* InfoPlist.strings in Resources */ = {isa = PBXBuildFile; fileRef = 5D0D24FA157D985100C1C311 /* InfoPlist.strings */; };
		5D0D2514157D985200C1C311 /* XMLReaderTests-Info.plist in Resources */ = {isa = PBXBuildFile; fileRef = 5D0D24FC157D985100C1C311 /* XMLReaderTests-Info.plist */; };
		5D0D2515157D985200C1C311 /* XMLReaderTests-Prefix.pch in Headers */ = {isa = PBXBuildFile; fileRef = 5D0D24FD157D985100C1C311 /* XMLReaderTests-Prefix.pch */; };
		5D0D2516157D985200C1C311 /* XMLReaderTests.h in Headers */ = {isa = PBXBuildFile; fileRef = 5D0D24FE157D985100C1C311 /* XMLReaderTests.h */; };
		5D0D2518157D985200C1C311 /* LICENCE in Resources */ = {isa = PBXBuildFile; fileRef = 5D0D2500157D985100C1C311 /* LICENCE */; };
		5D0D2519157D985200C1C311 /* README in Resources */ = {isa = PBXBuildFile; fileRef = 5D0D2501157D985100C1C311 /* README */; };
		5D0D251A157D985200C1C311 /* XMLReader.h in Headers */ = {isa = PBXBuildFile; fileRef = 5D0D2502157D985100C1C311 /* XMLReader.h */; };
		5D0D251B157D985200C1C311 /* XMLReader.m in Sources */ = {isa = PBXBuildFile; fileRef = 5D0D2503157D985100C1C311 /* XMLReader.m */; };
		5D37CE8B156EED760073FA11 /* libxml2.dylib in Frameworks */ = {isa = PBXBuildFile; fileRef = 5D37CE8A156EED760073FA11 /* libxml2.dylib */; };
		5D5D029E157FB11C00E8A525 /* MBRecording.m in Sources */ = {isa = PBXBuildFile; fileRef = 5D5D029D157FB11C00E8A525 /* MBRecording.m */; };
		5D5D02A2157FB70500E8A525 /* MBWork.m in Sources */ = {isa = PBXBuildFile; fileRef = 5D5D02A1157FB70500E8A525 /* MBWork.m */; };
		5D5D02A6157FB95000E8A525 /* MBDisc.m in Sources */ = {isa = PBXBuildFile; fileRef = 5D5D02A5157FB95000E8A525 /* MBDisc.m */; };
		5D5D02CD1580091F00E8A525 /* AccountInformation.h in Headers */ = {isa = PBXBuildFile; fileRef = 5D5D02AD1580091900E8A525 /* AccountInformation.h */; };
		5D5D02CE1580091F00E8A525 /* MB.h in Headers */ = {isa = PBXBuildFile; fileRef = 5D5D02AE1580091900E8A525 /* MB.h */; };
		5D5D02CF1580091F00E8A525 /* MBAlias.h in Headers */ = {isa = PBXBuildFile; fileRef = 5D5D02AF1580091900E8A525 /* MBAlias.h */; };
		5D5D02D01580091F00E8A525 /* MBAnnotation.h in Headers */ = {isa = PBXBuildFile; fileRef = 5D5D02B01580091900E8A525 /* MBAnnotation.h */; };
		5D5D02D11580091F00E8A525 /* MBArtist.h in Headers */ = {isa = PBXBuildFile; fileRef = 5D5D02B11580091A00E8A525 /* MBArtist.h */; };
		5D5D02D21580091F00E8A525 /* MBArtistCredit.h in Headers */ = {isa = PBXBuildFile; fileRef = 5D5D02B21580091A00E8A525 /* MBArtistCredit.h */; };
		5D5D02D31580091F00E8A525 /* MBCDStub.h in Headers */ = {isa = PBXBuildFile; fileRef = 5D5D02B31580091A00E8A525 /* MBCDStub.h */; };
		5D5D02D41580091F00E8A525 /* MBCollection.h in Headers */ = {isa = PBXBuildFile; fileRef = 5D5D02B41580091B00E8A525 /* MBCollection.h */; };
		5D5D02D51580091F00E8A525 /* MBDisc.h in Headers */ = {isa = PBXBuildFile; fileRef = 5D5D02B51580091B00E8A525 /* MBDisc.h */; };
		5D5D02D61580091F00E8A525 /* MBEntity-protected.h in Headers */ = {isa = PBXBuildFile; fileRef = 5D5D02B61580091B00E8A525 /* MBEntity-protected.h */; };
		5D5D02D71580091F00E8A525 /* MBEntity.h in Headers */ = {isa = PBXBuildFile; fileRef = 5D5D02B71580091B00E8A525 /* MBEntity.h */; };
		5D5D02D81580091F00E8A525 /* MBFreeDbDisc.h in Headers */ = {isa = PBXBuildFile; fileRef = 5D5D02B81580091B00E8A525 /* MBFreeDbDisc.h */; };
		5D5D02D91580091F00E8A525 /* MBISRC.h in Headers */ = {isa = PBXBuildFile; fileRef = 5D5D02B91580091C00E8A525 /* MBISRC.h */; };
		5D5D02DA1580091F00E8A525 /* MBLabel.h in Headers */ = {isa = PBXBuildFile; fileRef = 5D5D02BA1580091C00E8A525 /* MBLabel.h */; };
		5D5D02DB1580091F00E8A525 /* MBLabelInfo.h in Headers */ = {isa = PBXBuildFile; fileRef = 5D5D02BB1580091C00E8A525 /* MBLabelInfo.h */; };
		5D5D02DC1580091F00E8A525 /* MBLifeSpan.h in Headers */ = {isa = PBXBuildFile; fileRef = 5D5D02BC1580091C00E8A525 /* MBLifeSpan.h */; };
		5D5D02DD1580091F00E8A525 /* MBMedium.h in Headers */ = {isa = PBXBuildFile; fileRef = 5D5D02BD1580091C00E8A525 /* MBMedium.h */; };
		5D5D02DE1580091F00E8A525 /* MBNonMbTrack.h in Headers */ = {isa = PBXBuildFile; fileRef = 5D5D02BE1580091C00E8A525 /* MBNonMbTrack.h */; };
		5D5D02DF1580091F00E8A525 /* MBPUID.h in Headers */ = {isa = PBXBuildFile; fileRef = 5D5D02BF1580091C00E8A525 /* MBPUID.h */; };
		5D5D02E01580091F00E8A525 /* MBRating.h in Headers */ = {isa = PBXBuildFile; fileRef = 5D5D02C01580091D00E8A525 /* MBRating.h */; };
		5D5D02E11580091F00E8A525 /* MBRecording.h in Headers */ = {isa = PBXBuildFile; fileRef = 5D5D02C11580091D00E8A525 /* MBRecording.h */; };
		5D5D02E21580091F00E8A525 /* MBRelation.h in Headers */ = {isa = PBXBuildFile; fileRef = 5D5D02C21580091D00E8A525 /* MBRelation.h */; };
		5D5D02E31580091F00E8A525 /* MBRelease.h in Headers */ = {isa = PBXBuildFile; fileRef = 5D5D02C31580091D00E8A525 /* MBRelease.h */; };
		5D5D02E41580091F00E8A525 /* MBReleaseGroup.h in Headers */ = {isa = PBXBuildFile; fileRef = 5D5D02C41580091D00E8A525 /* MBReleaseGroup.h */; };
		5D5D02E51580091F00E8A525 /* MBTag.h in Headers */ = {isa = PBXBuildFile; fileRef = 5D5D02C51580091D00E8A525 /* MBTag.h */; };
		5D5D02E61580091F00E8A525 /* MBTrack.h in Headers */ = {isa = PBXBuildFile; fileRef = 5D5D02C61580091E00E8A525 /* MBTrack.h */; };
		5D5D02E71580091F00E8A525 /* MBUserRating.h in Headers */ = {isa = PBXBuildFile; fileRef = 5D5D02C71580091E00E8A525 /* MBUserRating.h */; };
		5D5D02E81580091F00E8A525 /* MBUserTag.h in Headers */ = {isa = PBXBuildFile; fileRef = 5D5D02C81580091E00E8A525 /* MBUserTag.h */; };
		5D5D02E91580091F00E8A525 /* MBWork.h in Headers */ = {isa = PBXBuildFile; fileRef = 5D5D02C91580091E00E8A525 /* MBWork.h */; };
		5D5D02EA1580091F00E8A525 /* RateAndTaggableEntity.h in Headers */ = {isa = PBXBuildFile; fileRef = 5D5D02CA1580091E00E8A525 /* RateAndTaggableEntity.h */; };
		5D5D02EB1580091F00E8A525 /* Search.h in Headers */ = {isa = PBXBuildFile; fileRef = 5D5D02CB1580091E00E8A525 /* Search.h */; };
		5D5D02EE15800BC600E8A525 /* MBPUID.m in Sources */ = {isa = PBXBuildFile; fileRef = 5D5D02ED15800BC600E8A525 /* MBPUID.m */; };
		5D5D02F015800BCF00E8A525 /* MBISRC.m in Sources */ = {isa = PBXBuildFile; fileRef = 5D5D02EF15800BCF00E8A525 /* MBISRC.m */; };
		5D5D02F215800BDF00E8A525 /* MBArtistCredit.m in Sources */ = {isa = PBXBuildFile; fileRef = 5D5D02F115800BDF00E8A525 /* MBArtistCredit.m */; };
		5D5D02F415800BEE00E8A525 /* MBRelation.m in Sources */ = {isa = PBXBuildFile; fileRef = 5D5D02F315800BEE00E8A525 /* MBRelation.m */; };
		5D5D02F615800BFC00E8A525 /* MBTag.m in Sources */ = {isa = PBXBuildFile; fileRef = 5D5D02F515800BFC00E8A525 /* MBTag.m */; };
		5D5D02F815800C0800E8A525 /* MBUserTag.m in Sources */ = {isa = PBXBuildFile; fileRef = 5D5D02F715800C0800E8A525 /* MBUserTag.m */; };
		5D5D02FA15800C2400E8A525 /* MBRating.m in Sources */ = {isa = PBXBuildFile; fileRef = 5D5D02F915800C2400E8A525 /* MBRating.m */; };
		5D5D02FC15800C3500E8A525 /* MBUserRating.m in Sources */ = {isa = PBXBuildFile; fileRef = 5D5D02FB15800C3500E8A525 /* MBUserRating.m */; };
		5D5D02FE15800C4200E8A525 /* MBLabelInfo.m in Sources */ = {isa = PBXBuildFile; fileRef = 5D5D02FD15800C4200E8A525 /* MBLabelInfo.m */; };
		5D5D030015800C5200E8A525 /* MBMedium.m in Sources */ = {isa = PBXBuildFile; fileRef = 5D5D02FF15800C5200E8A525 /* MBMedium.m */; };
		5D5D030215800C7700E8A525 /* MBMetadata.m in Sources */ = {isa = PBXBuildFile; fileRef = 5D5D030115800C7700E8A525 /* MBMetadata.m */; };
		5D5D030415800C8C00E8A525 /* MBMetadata.h in Headers */ = {isa = PBXBuildFile; fileRef = 5D5D030315800C8C00E8A525 /* MBMetadata.h */; };
		5D5D030615800CAA00E8A525 /* MBTrack.m in Sources */ = {isa = PBXBuildFile; fileRef = 5D5D030515800CAA00E8A525 /* MBTrack.m */; };
		5D5D030815800CB300E8A525 /* MBAnnotation.m in Sources */ = {isa = PBXBuildFile; fileRef = 5D5D030715800CB300E8A525 /* MBAnnotation.m */; };
		5D5D030A15800CBB00E8A525 /* MBCDStub.m in Sources */ = {isa = PBXBuildFile; fileRef = 5D5D030915800CBB00E8A525 /* MBCDStub.m */; };
		5D5D030C1580138B00E8A525 /* MBFreeDbDisc.m in Sources */ = {isa = PBXBuildFile; fileRef = 5D5D030B1580138B00E8A525 /* MBFreeDbDisc.m */; };
		5D5D030E1580139900E8A525 /* MBCollection.m in Sources */ = {isa = PBXBuildFile; fileRef = 5D5D030D1580139900E8A525 /* MBCollection.m */; };
		5D5D0310158013AE00E8A525 /* MBNonMbTrack.m in Sources */ = {isa = PBXBuildFile; fileRef = 5D5D030F158013AE00E8A525 /* MBNonMbTrack.m */; };
		5D5D0312158014B100E8A525 /* RateAndTaggableEntity.m in Sources */ = {isa = PBXBuildFile; fileRef = 5D5D0311158014B100E8A525 /* RateAndTaggableEntity.m */; };
		5D5D03141580163100E8A525 /* MBQuery.m in Sources */ = {isa = PBXBuildFile; fileRef = 5D5D03131580163100E8A525 /* MBQuery.m */; };
		5D5D03161580163E00E8A525 /* MBQuery.h in Headers */ = {isa = PBXBuildFile; fileRef = 5D5D03151580163E00E8A525 /* MBQuery.h */; };
		5D61B7CF155F3F9B0003006A /* Foundation.framework in Frameworks */ = {isa = PBXBuildFile; fileRef = 5D61B7CE155F3F9A0003006A /* Foundation.framework */; };
		5D61B7D5155F3F9B0003006A /* libmusicbrainz_objc.m in Sources */ = {isa = PBXBuildFile; fileRef = 5D61B7D4155F3F9B0003006A /* libmusicbrainz_objc.m */; };
		5D61B7DD155F3F9B0003006A /* SenTestingKit.framework in Frameworks */ = {isa = PBXBuildFile; fileRef = 5D61B7DC155F3F9B0003006A /* SenTestingKit.framework */; };
		5D61B7DF155F3F9B0003006A /* UIKit.framework in Frameworks */ = {isa = PBXBuildFile; fileRef = 5D61B7DE155F3F9B0003006A /* UIKit.framework */; };
		5D61B7E0155F3F9B0003006A /* Foundation.framework in Frameworks */ = {isa = PBXBuildFile; fileRef = 5D61B7CE155F3F9A0003006A /* Foundation.framework */; };
		5D61B7E3155F3F9B0003006A /* liblibmusicbrainz-objc.a in Frameworks */ = {isa = PBXBuildFile; fileRef = 5D61B7CB155F3F9A0003006A /* liblibmusicbrainz-objc.a */; };
		5D61B7E9155F3F9B0003006A /* InfoPlist.strings in Resources */ = {isa = PBXBuildFile; fileRef = 5D61B7E7155F3F9B0003006A /* InfoPlist.strings */; };
		5D61B7EC155F3F9B0003006A /* libmusicbrainz_objcTests.m in Sources */ = {isa = PBXBuildFile; fileRef = 5D61B7EB155F3F9B0003006A /* libmusicbrainz_objcTests.m */; };
/* End PBXBuildFile section */

/* Begin PBXContainerItemProxy section */
		5D0D251E157D985200C1C311 /* PBXContainerItemProxy */ = {
			isa = PBXContainerItemProxy;
			containerPortal = 5D0D24F5157D985100C1C311 /* Demo.xcodeproj */;
			proxyType = 2;
			remoteGlobalIDString = ED2F6186137570CF001A1ABA;
			remoteInfo = Demo;
		};
		5D0D2520157D985200C1C311 /* PBXContainerItemProxy */ = {
			isa = PBXContainerItemProxy;
			containerPortal = 5D0D24F5157D985100C1C311 /* Demo.xcodeproj */;
			proxyType = 2;
			remoteGlobalIDString = ED2F61AA137570CF001A1ABA;
			remoteInfo = XMLReaderTests;
		};
		5D61B7E1155F3F9B0003006A /* PBXContainerItemProxy */ = {
			isa = PBXContainerItemProxy;
			containerPortal = 5D61B7C2155F3F9A0003006A /* Project object */;
			proxyType = 1;
			remoteGlobalIDString = 5D61B7CA155F3F9A0003006A;
			remoteInfo = "libmusicbrainz-objc";
		};
/* End PBXContainerItemProxy section */

/* Begin PBXFileReference section */
		5D0D24C4157D7A5700C1C311 /* AccountInformation.m */ = {isa = PBXFileReference; fileEncoding = 4; lastKnownFileType = sourcecode.c.objc; name = AccountInformation.m; path = src/AccountInformation.m; sourceTree = "<group>"; };
		5D0D24C5157D7A5700C1C311 /* MBLabel.m */ = {isa = PBXFileReference; fileEncoding = 4; lastKnownFileType = sourcecode.c.objc; name = MBLabel.m; path = src/MBLabel.m; sourceTree = "<group>"; };
		5D0D24C6157D7A5700C1C311 /* MBAlias.m */ = {isa = PBXFileReference; fileEncoding = 4; lastKnownFileType = sourcecode.c.objc; name = MBAlias.m; path = src/MBAlias.m; sourceTree = "<group>"; };
		5D0D24C7157D7A5700C1C311 /* MBArtist.m */ = {isa = PBXFileReference; fileEncoding = 4; lastKnownFileType = sourcecode.c.objc; name = MBArtist.m; path = src/MBArtist.m; sourceTree = "<group>"; };
		5D0D24C8157D7A5700C1C311 /* MBEntity.m */ = {isa = PBXFileReference; fileEncoding = 4; lastKnownFileType = sourcecode.c.objc; name = MBEntity.m; path = src/MBEntity.m; sourceTree = "<group>"; };
		5D0D24C9157D7A5700C1C311 /* MBLifeSpan.m */ = {isa = PBXFileReference; fileEncoding = 4; lastKnownFileType = sourcecode.c.objc; name = MBLifeSpan.m; path = src/MBLifeSpan.m; sourceTree = "<group>"; };
		5D0D24CA157D7A5700C1C311 /* MBRelease.m */ = {isa = PBXFileReference; fileEncoding = 4; lastKnownFileType = sourcecode.c.objc; name = MBRelease.m; path = src/MBRelease.m; sourceTree = "<group>"; };
		5D0D24CB157D7A5700C1C311 /* MBReleaseGroup.m */ = {isa = PBXFileReference; fileEncoding = 4; lastKnownFileType = sourcecode.c.objc; name = MBReleaseGroup.m; path = src/MBReleaseGroup.m; sourceTree = "<group>"; };
		5D0D24CC157D7A5700C1C311 /* Search.m */ = {isa = PBXFileReference; fileEncoding = 4; lastKnownFileType = sourcecode.c.objc; name = Search.m; path = src/Search.m; sourceTree = "<group>"; };
		5D0D24E8157D985100C1C311 /* Demo-Info.plist */ = {isa = PBXFileReference; fileEncoding = 4; lastKnownFileType = text.plist.xml; path = "Demo-Info.plist"; sourceTree = "<group>"; };
		5D0D24E9157D985100C1C311 /* Demo-Prefix.pch */ = {isa = PBXFileReference; fileEncoding = 4; lastKnownFileType = sourcecode.c.h; path = "Demo-Prefix.pch"; sourceTree = "<group>"; };
		5D0D24EA157D985100C1C311 /* DemoAppDelegate.h */ = {isa = PBXFileReference; fileEncoding = 4; lastKnownFileType = sourcecode.c.h; path = DemoAppDelegate.h; sourceTree = "<group>"; };
		5D0D24EB157D985100C1C311 /* DemoAppDelegate.m */ = {isa = PBXFileReference; fileEncoding = 4; lastKnownFileType = sourcecode.c.objc; path = DemoAppDelegate.m; sourceTree = "<group>"; };
		5D0D24EC157D985100C1C311 /* DemoViewController.h */ = {isa = PBXFileReference; fileEncoding = 4; lastKnownFileType = sourcecode.c.h; path = DemoViewController.h; sourceTree = "<group>"; };
		5D0D24ED157D985100C1C311 /* DemoViewController.m */ = {isa = PBXFileReference; fileEncoding = 4; lastKnownFileType = sourcecode.c.objc; path = DemoViewController.m; sourceTree = "<group>"; };
		5D0D24EF157D985100C1C311 /* en */ = {isa = PBXFileReference; lastKnownFileType = file.xib; name = en; path = en.lproj/DemoViewController.xib; sourceTree = "<group>"; };
		5D0D24F1157D985100C1C311 /* en */ = {isa = PBXFileReference; lastKnownFileType = text.plist.strings; name = en; path = en.lproj/InfoPlist.strings; sourceTree = "<group>"; };
		5D0D24F3157D985100C1C311 /* en */ = {isa = PBXFileReference; lastKnownFileType = file.xib; name = en; path = en.lproj/MainWindow.xib; sourceTree = "<group>"; };
		5D0D24F4157D985100C1C311 /* main.m */ = {isa = PBXFileReference; fileEncoding = 4; lastKnownFileType = sourcecode.c.objc; path = main.m; sourceTree = "<group>"; };
		5D0D24F5157D985100C1C311 /* Demo.xcodeproj */ = {isa = PBXFileReference; lastKnownFileType = "wrapper.pb-project"; path = Demo.xcodeproj; sourceTree = "<group>"; };
		5D0D24F9157D985100C1C311 /* complex.xml */ = {isa = PBXFileReference; fileEncoding = 4; lastKnownFileType = text.xml; path = complex.xml; sourceTree = "<group>"; };
		5D0D24FB157D985100C1C311 /* en */ = {isa = PBXFileReference; lastKnownFileType = text.plist.strings; name = en; path = en.lproj/InfoPlist.strings; sourceTree = "<group>"; };
		5D0D24FC157D985100C1C311 /* XMLReaderTests-Info.plist */ = {isa = PBXFileReference; fileEncoding = 4; lastKnownFileType = text.plist.xml; path = "XMLReaderTests-Info.plist"; sourceTree = "<group>"; };
		5D0D24FD157D985100C1C311 /* XMLReaderTests-Prefix.pch */ = {isa = PBXFileReference; fileEncoding = 4; lastKnownFileType = sourcecode.c.h; path = "XMLReaderTests-Prefix.pch"; sourceTree = "<group>"; };
		5D0D24FE157D985100C1C311 /* XMLReaderTests.h */ = {isa = PBXFileReference; fileEncoding = 4; lastKnownFileType = sourcecode.c.h; path = XMLReaderTests.h; sourceTree = "<group>"; };
		5D0D24FF157D985100C1C311 /* XMLReaderTests.m */ = {isa = PBXFileReference; fileEncoding = 4; lastKnownFileType = sourcecode.c.objc; path = XMLReaderTests.m; sourceTree = "<group>"; };
		5D0D2500157D985100C1C311 /* LICENCE */ = {isa = PBXFileReference; fileEncoding = 4; lastKnownFileType = text; path = LICENCE; sourceTree = "<group>"; };
		5D0D2501157D985100C1C311 /* README */ = {isa = PBXFileReference; fileEncoding = 4; lastKnownFileType = text; path = README; sourceTree = "<group>"; };
		5D0D2502157D985100C1C311 /* XMLReader.h */ = {isa = PBXFileReference; fileEncoding = 4; lastKnownFileType = sourcecode.c.h; path = XMLReader.h; sourceTree = "<group>"; };
		5D0D2503157D985100C1C311 /* XMLReader.m */ = {isa = PBXFileReference; fileEncoding = 4; lastKnownFileType = sourcecode.c.objc; path = XMLReader.m; sourceTree = "<group>"; };
		5D37CE8A156EED760073FA11 /* libxml2.dylib */ = {isa = PBXFileReference; lastKnownFileType = "compiled.mach-o.dylib"; name = libxml2.dylib; path = usr/lib/libxml2.dylib; sourceTree = SDKROOT; };
		5D5D029D157FB11C00E8A525 /* MBRecording.m */ = {isa = PBXFileReference; fileEncoding = 4; lastKnownFileType = sourcecode.c.objc; name = MBRecording.m; path = src/MBRecording.m; sourceTree = "<group>"; };
		5D5D02A1157FB70500E8A525 /* MBWork.m */ = {isa = PBXFileReference; fileEncoding = 4; lastKnownFileType = sourcecode.c.objc; name = MBWork.m; path = src/MBWork.m; sourceTree = "<group>"; };
		5D5D02A5157FB95000E8A525 /* MBDisc.m */ = {isa = PBXFileReference; fileEncoding = 4; lastKnownFileType = sourcecode.c.objc; name = MBDisc.m; path = src/MBDisc.m; sourceTree = "<group>"; };
		5D5D02AD1580091900E8A525 /* AccountInformation.h */ = {isa = PBXFileReference; fileEncoding = 4; lastKnownFileType = sourcecode.c.h; name = AccountInformation.h; path = includes/AccountInformation.h; sourceTree = "<group>"; };
		5D5D02AE1580091900E8A525 /* MB.h */ = {isa = PBXFileReference; fileEncoding = 4; lastKnownFileType = sourcecode.c.h; name = MB.h; path = includes/MB.h; sourceTree = "<group>"; };
		5D5D02AF1580091900E8A525 /* MBAlias.h */ = {isa = PBXFileReference; fileEncoding = 4; lastKnownFileType = sourcecode.c.h; name = MBAlias.h; path = includes/MBAlias.h; sourceTree = "<group>"; };
		5D5D02B01580091900E8A525 /* MBAnnotation.h */ = {isa = PBXFileReference; fileEncoding = 4; lastKnownFileType = sourcecode.c.h; name = MBAnnotation.h; path = includes/MBAnnotation.h; sourceTree = "<group>"; };
		5D5D02B11580091A00E8A525 /* MBArtist.h */ = {isa = PBXFileReference; fileEncoding = 4; lastKnownFileType = sourcecode.c.h; name = MBArtist.h; path = includes/MBArtist.h; sourceTree = "<group>"; };
		5D5D02B21580091A00E8A525 /* MBArtistCredit.h */ = {isa = PBXFileReference; fileEncoding = 4; lastKnownFileType = sourcecode.c.h; name = MBArtistCredit.h; path = includes/MBArtistCredit.h; sourceTree = "<group>"; };
		5D5D02B31580091A00E8A525 /* MBCDStub.h */ = {isa = PBXFileReference; fileEncoding = 4; lastKnownFileType = sourcecode.c.h; name = MBCDStub.h; path = includes/MBCDStub.h; sourceTree = "<group>"; };
		5D5D02B41580091B00E8A525 /* MBCollection.h */ = {isa = PBXFileReference; fileEncoding = 4; lastKnownFileType = sourcecode.c.h; name = MBCollection.h; path = includes/MBCollection.h; sourceTree = "<group>"; };
		5D5D02B51580091B00E8A525 /* MBDisc.h */ = {isa = PBXFileReference; fileEncoding = 4; lastKnownFileType = sourcecode.c.h; name = MBDisc.h; path = includes/MBDisc.h; sourceTree = "<group>"; };
		5D5D02B61580091B00E8A525 /* MBEntity-protected.h */ = {isa = PBXFileReference; fileEncoding = 4; lastKnownFileType = sourcecode.c.h; name = "MBEntity-protected.h"; path = "includes/MBEntity-protected.h"; sourceTree = "<group>"; };
		5D5D02B71580091B00E8A525 /* MBEntity.h */ = {isa = PBXFileReference; fileEncoding = 4; lastKnownFileType = sourcecode.c.h; name = MBEntity.h; path = includes/MBEntity.h; sourceTree = "<group>"; };
		5D5D02B81580091B00E8A525 /* MBFreeDbDisc.h */ = {isa = PBXFileReference; fileEncoding = 4; lastKnownFileType = sourcecode.c.h; name = MBFreeDbDisc.h; path = includes/MBFreeDbDisc.h; sourceTree = "<group>"; };
		5D5D02B91580091C00E8A525 /* MBISRC.h */ = {isa = PBXFileReference; fileEncoding = 4; lastKnownFileType = sourcecode.c.h; name = MBISRC.h; path = includes/MBISRC.h; sourceTree = "<group>"; };
		5D5D02BA1580091C00E8A525 /* MBLabel.h */ = {isa = PBXFileReference; fileEncoding = 4; lastKnownFileType = sourcecode.c.h; name = MBLabel.h; path = includes/MBLabel.h; sourceTree = "<group>"; };
		5D5D02BB1580091C00E8A525 /* MBLabelInfo.h */ = {isa = PBXFileReference; fileEncoding = 4; lastKnownFileType = sourcecode.c.h; name = MBLabelInfo.h; path = includes/MBLabelInfo.h; sourceTree = "<group>"; };
		5D5D02BC1580091C00E8A525 /* MBLifeSpan.h */ = {isa = PBXFileReference; fileEncoding = 4; lastKnownFileType = sourcecode.c.h; name = MBLifeSpan.h; path = includes/MBLifeSpan.h; sourceTree = "<group>"; };
		5D5D02BD1580091C00E8A525 /* MBMedium.h */ = {isa = PBXFileReference; fileEncoding = 4; lastKnownFileType = sourcecode.c.h; name = MBMedium.h; path = includes/MBMedium.h; sourceTree = "<group>"; };
		5D5D02BE1580091C00E8A525 /* MBNonMbTrack.h */ = {isa = PBXFileReference; fileEncoding = 4; lastKnownFileType = sourcecode.c.h; name = MBNonMbTrack.h; path = includes/MBNonMbTrack.h; sourceTree = "<group>"; };
		5D5D02BF1580091C00E8A525 /* MBPUID.h */ = {isa = PBXFileReference; fileEncoding = 4; lastKnownFileType = sourcecode.c.h; name = MBPUID.h; path = includes/MBPUID.h; sourceTree = "<group>"; };
		5D5D02C01580091D00E8A525 /* MBRating.h */ = {isa = PBXFileReference; fileEncoding = 4; lastKnownFileType = sourcecode.c.h; name = MBRating.h; path = includes/MBRating.h; sourceTree = "<group>"; };
		5D5D02C11580091D00E8A525 /* MBRecording.h */ = {isa = PBXFileReference; fileEncoding = 4; lastKnownFileType = sourcecode.c.h; name = MBRecording.h; path = includes/MBRecording.h; sourceTree = "<group>"; };
		5D5D02C21580091D00E8A525 /* MBRelation.h */ = {isa = PBXFileReference; fileEncoding = 4; lastKnownFileType = sourcecode.c.h; name = MBRelation.h; path = includes/MBRelation.h; sourceTree = "<group>"; };
		5D5D02C31580091D00E8A525 /* MBRelease.h */ = {isa = PBXFileReference; fileEncoding = 4; lastKnownFileType = sourcecode.c.h; name = MBRelease.h; path = includes/MBRelease.h; sourceTree = "<group>"; };
		5D5D02C41580091D00E8A525 /* MBReleaseGroup.h */ = {isa = PBXFileReference; fileEncoding = 4; lastKnownFileType = sourcecode.c.h; name = MBReleaseGroup.h; path = includes/MBReleaseGroup.h; sourceTree = "<group>"; };
		5D5D02C51580091D00E8A525 /* MBTag.h */ = {isa = PBXFileReference; fileEncoding = 4; lastKnownFileType = sourcecode.c.h; name = MBTag.h; path = includes/MBTag.h; sourceTree = "<group>"; };
		5D5D02C61580091E00E8A525 /* MBTrack.h */ = {isa = PBXFileReference; fileEncoding = 4; lastKnownFileType = sourcecode.c.h; name = MBTrack.h; path = includes/MBTrack.h; sourceTree = "<group>"; };
		5D5D02C71580091E00E8A525 /* MBUserRating.h */ = {isa = PBXFileReference; fileEncoding = 4; lastKnownFileType = sourcecode.c.h; name = MBUserRating.h; path = includes/MBUserRating.h; sourceTree = "<group>"; };
		5D5D02C81580091E00E8A525 /* MBUserTag.h */ = {isa = PBXFileReference; fileEncoding = 4; lastKnownFileType = sourcecode.c.h; name = MBUserTag.h; path = includes/MBUserTag.h; sourceTree = "<group>"; };
		5D5D02C91580091E00E8A525 /* MBWork.h */ = {isa = PBXFileReference; fileEncoding = 4; lastKnownFileType = sourcecode.c.h; name = MBWork.h; path = includes/MBWork.h; sourceTree = "<group>"; };
		5D5D02CA1580091E00E8A525 /* RateAndTaggableEntity.h */ = {isa = PBXFileReference; fileEncoding = 4; lastKnownFileType = sourcecode.c.h; name = RateAndTaggableEntity.h; path = includes/RateAndTaggableEntity.h; sourceTree = "<group>"; };
		5D5D02CB1580091E00E8A525 /* Search.h */ = {isa = PBXFileReference; fileEncoding = 4; lastKnownFileType = sourcecode.c.h; name = Search.h; path = includes/Search.h; sourceTree = "<group>"; };
		5D5D02ED15800BC600E8A525 /* MBPUID.m */ = {isa = PBXFileReference; fileEncoding = 4; lastKnownFileType = sourcecode.c.objc; name = MBPUID.m; path = src/MBPUID.m; sourceTree = "<group>"; };
		5D5D02EF15800BCF00E8A525 /* MBISRC.m */ = {isa = PBXFileReference; fileEncoding = 4; lastKnownFileType = sourcecode.c.objc; name = MBISRC.m; path = src/MBISRC.m; sourceTree = "<group>"; };
		5D5D02F115800BDF00E8A525 /* MBArtistCredit.m */ = {isa = PBXFileReference; fileEncoding = 4; lastKnownFileType = sourcecode.c.objc; name = MBArtistCredit.m; path = src/MBArtistCredit.m; sourceTree = "<group>"; };
		5D5D02F315800BEE00E8A525 /* MBRelation.m */ = {isa = PBXFileReference; fileEncoding = 4; lastKnownFileType = sourcecode.c.objc; name = MBRelation.m; path = src/MBRelation.m; sourceTree = "<group>"; };
		5D5D02F515800BFC00E8A525 /* MBTag.m */ = {isa = PBXFileReference; fileEncoding = 4; lastKnownFileType = sourcecode.c.objc; name = MBTag.m; path = src/MBTag.m; sourceTree = "<group>"; };
		5D5D02F715800C0800E8A525 /* MBUserTag.m */ = {isa = PBXFileReference; fileEncoding = 4; lastKnownFileType = sourcecode.c.objc; name = MBUserTag.m; path = src/MBUserTag.m; sourceTree = "<group>"; };
		5D5D02F915800C2400E8A525 /* MBRating.m */ = {isa = PBXFileReference; fileEncoding = 4; lastKnownFileType = sourcecode.c.objc; name = MBRating.m; path = src/MBRating.m; sourceTree = "<group>"; };
		5D5D02FB15800C3500E8A525 /* MBUserRating.m */ = {isa = PBXFileReference; fileEncoding = 4; lastKnownFileType = sourcecode.c.objc; name = MBUserRating.m; path = src/MBUserRating.m; sourceTree = "<group>"; };
		5D5D02FD15800C4200E8A525 /* MBLabelInfo.m */ = {isa = PBXFileReference; fileEncoding = 4; lastKnownFileType = sourcecode.c.objc; name = MBLabelInfo.m; path = src/MBLabelInfo.m; sourceTree = "<group>"; };
		5D5D02FF15800C5200E8A525 /* MBMedium.m */ = {isa = PBXFileReference; fileEncoding = 4; lastKnownFileType = sourcecode.c.objc; name = MBMedium.m; path = src/MBMedium.m; sourceTree = "<group>"; };
		5D5D030115800C7700E8A525 /* MBMetadata.m */ = {isa = PBXFileReference; fileEncoding = 4; lastKnownFileType = sourcecode.c.objc; name = MBMetadata.m; path = src/MBMetadata.m; sourceTree = "<group>"; };
		5D5D030315800C8C00E8A525 /* MBMetadata.h */ = {isa = PBXFileReference; fileEncoding = 4; lastKnownFileType = sourcecode.c.h; name = MBMetadata.h; path = includes/MBMetadata.h; sourceTree = "<group>"; };
		5D5D030515800CAA00E8A525 /* MBTrack.m */ = {isa = PBXFileReference; fileEncoding = 4; lastKnownFileType = sourcecode.c.objc; name = MBTrack.m; path = src/MBTrack.m; sourceTree = "<group>"; };
		5D5D030715800CB300E8A525 /* MBAnnotation.m */ = {isa = PBXFileReference; fileEncoding = 4; lastKnownFileType = sourcecode.c.objc; name = MBAnnotation.m; path = src/MBAnnotation.m; sourceTree = "<group>"; };
		5D5D030915800CBB00E8A525 /* MBCDStub.m */ = {isa = PBXFileReference; fileEncoding = 4; lastKnownFileType = sourcecode.c.objc; name = MBCDStub.m; path = src/MBCDStub.m; sourceTree = "<group>"; };
		5D5D030B1580138B00E8A525 /* MBFreeDbDisc.m */ = {isa = PBXFileReference; fileEncoding = 4; lastKnownFileType = sourcecode.c.objc; name = MBFreeDbDisc.m; path = src/MBFreeDbDisc.m; sourceTree = "<group>"; };
		5D5D030D1580139900E8A525 /* MBCollection.m */ = {isa = PBXFileReference; fileEncoding = 4; lastKnownFileType = sourcecode.c.objc; name = MBCollection.m; path = src/MBCollection.m; sourceTree = "<group>"; };
		5D5D030F158013AE00E8A525 /* MBNonMbTrack.m */ = {isa = PBXFileReference; fileEncoding = 4; lastKnownFileType = sourcecode.c.objc; name = MBNonMbTrack.m; path = src/MBNonMbTrack.m; sourceTree = "<group>"; };
		5D5D0311158014B100E8A525 /* RateAndTaggableEntity.m */ = {isa = PBXFileReference; fileEncoding = 4; lastKnownFileType = sourcecode.c.objc; name = RateAndTaggableEntity.m; path = src/RateAndTaggableEntity.m; sourceTree = "<group>"; };
		5D5D03131580163100E8A525 /* MBQuery.m */ = {isa = PBXFileReference; fileEncoding = 4; lastKnownFileType = sourcecode.c.objc; name = MBQuery.m; path = src/MBQuery.m; sourceTree = "<group>"; };
		5D5D03151580163E00E8A525 /* MBQuery.h */ = {isa = PBXFileReference; fileEncoding = 4; lastKnownFileType = sourcecode.c.h; name = MBQuery.h; path = includes/MBQuery.h; sourceTree = "<group>"; };
		5D61B7CB155F3F9A0003006A /* liblibmusicbrainz-objc.a */ = {isa = PBXFileReference; explicitFileType = archive.ar; includeInIndex = 0; path = "liblibmusicbrainz-objc.a"; sourceTree = BUILT_PRODUCTS_DIR; };
		5D61B7CE155F3F9A0003006A /* Foundation.framework */ = {isa = PBXFileReference; lastKnownFileType = wrapper.framework; name = Foundation.framework; path = System/Library/Frameworks/Foundation.framework; sourceTree = SDKROOT; };
		5D61B7D2155F3F9B0003006A /* libmusicbrainz-objc-Prefix.pch */ = {isa = PBXFileReference; lastKnownFileType = sourcecode.c.h; path = "libmusicbrainz-objc-Prefix.pch"; sourceTree = "<group>"; };
		5D61B7D3155F3F9B0003006A /* libmusicbrainz_objc.h */ = {isa = PBXFileReference; lastKnownFileType = sourcecode.c.h; path = libmusicbrainz_objc.h; sourceTree = "<group>"; };
		5D61B7D4155F3F9B0003006A /* libmusicbrainz_objc.m */ = {isa = PBXFileReference; lastKnownFileType = sourcecode.c.objc; path = libmusicbrainz_objc.m; sourceTree = "<group>"; };
		5D61B7DB155F3F9B0003006A /* libmusicbrainz-objcTests.octest */ = {isa = PBXFileReference; explicitFileType = wrapper.cfbundle; includeInIndex = 0; path = "libmusicbrainz-objcTests.octest"; sourceTree = BUILT_PRODUCTS_DIR; };
		5D61B7DC155F3F9B0003006A /* SenTestingKit.framework */ = {isa = PBXFileReference; lastKnownFileType = wrapper.framework; name = SenTestingKit.framework; path = Library/Frameworks/SenTestingKit.framework; sourceTree = DEVELOPER_DIR; };
		5D61B7DE155F3F9B0003006A /* UIKit.framework */ = {isa = PBXFileReference; lastKnownFileType = wrapper.framework; name = UIKit.framework; path = Library/Frameworks/UIKit.framework; sourceTree = DEVELOPER_DIR; };
		5D61B7E6155F3F9B0003006A /* libmusicbrainz-objcTests-Info.plist */ = {isa = PBXFileReference; lastKnownFileType = text.plist.xml; path = "libmusicbrainz-objcTests-Info.plist"; sourceTree = "<group>"; };
		5D61B7E8155F3F9B0003006A /* en */ = {isa = PBXFileReference; lastKnownFileType = text.plist.strings; name = en; path = en.lproj/InfoPlist.strings; sourceTree = "<group>"; };
		5D61B7EA155F3F9B0003006A /* libmusicbrainz_objcTests.h */ = {isa = PBXFileReference; lastKnownFileType = sourcecode.c.h; path = libmusicbrainz_objcTests.h; sourceTree = "<group>"; };
		5D61B7EB155F3F9B0003006A /* libmusicbrainz_objcTests.m */ = {isa = PBXFileReference; lastKnownFileType = sourcecode.c.objc; path = libmusicbrainz_objcTests.m; sourceTree = "<group>"; };
		5D61B89F155F5D640003006A /* doxygen.config */ = {isa = PBXFileReference; fileEncoding = 4; lastKnownFileType = text; path = doxygen.config; sourceTree = "<group>"; };
		5D61B8A1155F5D840003006A /* docs */ = {isa = PBXFileReference; lastKnownFileType = folder; path = docs; sourceTree = "<group>"; };
		5D64F527155F671E00F47DBF /* LICENSE */ = {isa = PBXFileReference; lastKnownFileType = text; path = LICENSE; sourceTree = "<group>"; };
		5D64F54A155F6DC500F47DBF /* README.md */ = {isa = PBXFileReference; lastKnownFileType = text; path = README.md; sourceTree = "<group>"; };
/* End PBXFileReference section */

/* Begin PBXFrameworksBuildPhase section */
		5D61B7C8155F3F9A0003006A /* Frameworks */ = {
			isa = PBXFrameworksBuildPhase;
			buildActionMask = 2147483647;
			files = (
				5D61B7CF155F3F9B0003006A /* Foundation.framework in Frameworks */,
			);
			runOnlyForDeploymentPostprocessing = 0;
		};
		5D61B7D7155F3F9B0003006A /* Frameworks */ = {
			isa = PBXFrameworksBuildPhase;
			buildActionMask = 2147483647;
			files = (
				5D37CE8B156EED760073FA11 /* libxml2.dylib in Frameworks */,
				5D61B7DD155F3F9B0003006A /* SenTestingKit.framework in Frameworks */,
				5D61B7DF155F3F9B0003006A /* UIKit.framework in Frameworks */,
				5D61B7E0155F3F9B0003006A /* Foundation.framework in Frameworks */,
				5D61B7E3155F3F9B0003006A /* liblibmusicbrainz-objc.a in Frameworks */,
			);
			runOnlyForDeploymentPostprocessing = 0;
		};
/* End PBXFrameworksBuildPhase section */

/* Begin PBXGroup section */
		5D0D24AA157D7A1E00C1C311 /* includes */ = {
			isa = PBXGroup;
			children = (
				5D5D02AD1580091900E8A525 /* AccountInformation.h */,
				5D5D02AE1580091900E8A525 /* MB.h */,
				5D5D03151580163E00E8A525 /* MBQuery.h */,
				5D5D02B71580091B00E8A525 /* MBEntity.h */,
				5D5D030315800C8C00E8A525 /* MBMetadata.h */,
				5D5D02B61580091B00E8A525 /* MBEntity-protected.h */,
				5D5D02B11580091A00E8A525 /* MBArtist.h */,
				5D5D02C31580091D00E8A525 /* MBRelease.h */,
				5D5D02C41580091D00E8A525 /* MBReleaseGroup.h */,
				5D5D02C11580091D00E8A525 /* MBRecording.h */,
				5D5D02BA1580091C00E8A525 /* MBLabel.h */,
				5D5D02C91580091E00E8A525 /* MBWork.h */,
				5D5D02B51580091B00E8A525 /* MBDisc.h */,
				5D5D02BF1580091C00E8A525 /* MBPUID.h */,
				5D5D02B91580091C00E8A525 /* MBISRC.h */,
				5D5D02B21580091A00E8A525 /* MBArtistCredit.h */,
				5D5D02C21580091D00E8A525 /* MBRelation.h */,
				5D5D02AF1580091900E8A525 /* MBAlias.h */,
				5D5D02C51580091D00E8A525 /* MBTag.h */,
				5D5D02C81580091E00E8A525 /* MBUserTag.h */,
				5D5D02C01580091D00E8A525 /* MBRating.h */,
				5D5D02C71580091E00E8A525 /* MBUserRating.h */,
				5D5D02BB1580091C00E8A525 /* MBLabelInfo.h */,
				5D5D02BD1580091C00E8A525 /* MBMedium.h */,
				5D5D02C61580091E00E8A525 /* MBTrack.h */,
				5D5D02B01580091900E8A525 /* MBAnnotation.h */,
				5D5D02B31580091A00E8A525 /* MBCDStub.h */,
				5D5D02B81580091B00E8A525 /* MBFreeDbDisc.h */,
				5D5D02B41580091B00E8A525 /* MBCollection.h */,
				5D5D02BE1580091C00E8A525 /* MBNonMbTrack.h */,
				5D5D02BC1580091C00E8A525 /* MBLifeSpan.h */,
				5D5D02CA1580091E00E8A525 /* RateAndTaggableEntity.h */,
				5D5D02CB1580091E00E8A525 /* Search.h */,
			);
			name = includes;
			sourceTree = "<group>";
		};
		5D0D24AB157D7A2600C1C311 /* src */ = {
			isa = PBXGroup;
			children = (
				5D0D24C4157D7A5700C1C311 /* AccountInformation.m */,
				5D5D03131580163100E8A525 /* MBQuery.m */,
				5D0D24C8157D7A5700C1C311 /* MBEntity.m */,
				5D5D030115800C7700E8A525 /* MBMetadata.m */,
				5D0D24C7157D7A5700C1C311 /* MBArtist.m */,
				5D0D24CA157D7A5700C1C311 /* MBRelease.m */,
				5D0D24CB157D7A5700C1C311 /* MBReleaseGroup.m */,
				5D5D029D157FB11C00E8A525 /* MBRecording.m */,
				5D0D24C5157D7A5700C1C311 /* MBLabel.m */,
				5D5D02A1157FB70500E8A525 /* MBWork.m */,
				5D5D02A5157FB95000E8A525 /* MBDisc.m */,
				5D5D02ED15800BC600E8A525 /* MBPUID.m */,
				5D5D02EF15800BCF00E8A525 /* MBISRC.m */,
				5D5D02F115800BDF00E8A525 /* MBArtistCredit.m */,
				5D5D02F315800BEE00E8A525 /* MBRelation.m */,
				5D0D24C6157D7A5700C1C311 /* MBAlias.m */,
				5D5D02F515800BFC00E8A525 /* MBTag.m */,
				5D5D02F715800C0800E8A525 /* MBUserTag.m */,
				5D5D02F915800C2400E8A525 /* MBRating.m */,
				5D5D02FB15800C3500E8A525 /* MBUserRating.m */,
				5D5D02FD15800C4200E8A525 /* MBLabelInfo.m */,
				5D5D02FF15800C5200E8A525 /* MBMedium.m */,
				5D5D030515800CAA00E8A525 /* MBTrack.m */,
				5D5D030715800CB300E8A525 /* MBAnnotation.m */,
				5D5D030915800CBB00E8A525 /* MBCDStub.m */,
				5D5D030B1580138B00E8A525 /* MBFreeDbDisc.m */,
				5D5D030D1580139900E8A525 /* MBCollection.m */,
				5D5D030F158013AE00E8A525 /* MBNonMbTrack.m */,
				5D0D24C9157D7A5700C1C311 /* MBLifeSpan.m */,
				5D0D24CC157D7A5700C1C311 /* Search.m */,
				5D5D0311158014B100E8A525 /* RateAndTaggableEntity.m */,
			);
			name = src;
			sourceTree = "<group>";
		};
		5D0D24E5157D985100C1C311 /* XML-to-NSDictionary */ = {
			isa = PBXGroup;
			children = (
				5D0D24E6157D985100C1C311 /* Demo */,
				5D0D2500157D985100C1C311 /* LICENCE */,
				5D0D2501157D985100C1C311 /* README */,
				5D0D2502157D985100C1C311 /* XMLReader.h */,
				5D0D2503157D985100C1C311 /* XMLReader.m */,
			);
			path = "XML-to-NSDictionary";
			sourceTree = "<group>";
		};
		5D0D24E6157D985100C1C311 /* Demo */ = {
			isa = PBXGroup;
			children = (
				5D0D24E7157D985100C1C311 /* Demo */,
				5D0D24F5157D985100C1C311 /* Demo.xcodeproj */,
				5D0D24F8157D985100C1C311 /* XMLReaderTests */,
			);
			path = Demo;
			sourceTree = "<group>";
		};
		5D0D24E7157D985100C1C311 /* Demo */ = {
			isa = PBXGroup;
			children = (
				5D0D24E8157D985100C1C311 /* Demo-Info.plist */,
				5D0D24E9157D985100C1C311 /* Demo-Prefix.pch */,
				5D0D24EA157D985100C1C311 /* DemoAppDelegate.h */,
				5D0D24EB157D985100C1C311 /* DemoAppDelegate.m */,
				5D0D24EC157D985100C1C311 /* DemoViewController.h */,
				5D0D24ED157D985100C1C311 /* DemoViewController.m */,
				5D0D24EE157D985100C1C311 /* DemoViewController.xib */,
				5D0D24F0157D985100C1C311 /* InfoPlist.strings */,
				5D0D24F2157D985100C1C311 /* MainWindow.xib */,
				5D0D24F4157D985100C1C311 /* main.m */,
			);
			path = Demo;
			sourceTree = "<group>";
		};
		5D0D24F6157D985100C1C311 /* Products */ = {
			isa = PBXGroup;
			children = (
				5D0D251F157D985200C1C311 /* Demo.app */,
				5D0D2521157D985200C1C311 /* XMLReaderTests.octest */,
			);
			name = Products;
			sourceTree = "<group>";
		};
		5D0D24F8157D985100C1C311 /* XMLReaderTests */ = {
			isa = PBXGroup;
			children = (
				5D0D24F9157D985100C1C311 /* complex.xml */,
				5D0D24FA157D985100C1C311 /* InfoPlist.strings */,
				5D0D24FC157D985100C1C311 /* XMLReaderTests-Info.plist */,
				5D0D24FD157D985100C1C311 /* XMLReaderTests-Prefix.pch */,
				5D0D24FE157D985100C1C311 /* XMLReaderTests.h */,
				5D0D24FF157D985100C1C311 /* XMLReaderTests.m */,
			);
			path = XMLReaderTests;
			sourceTree = "<group>";
		};
		5D61B7C0155F3F9A0003006A = {
			isa = PBXGroup;
			children = (
				5D64F527155F671E00F47DBF /* LICENSE */,
				5D64F54A155F6DC500F47DBF /* README.md */,
				5D61B8A1155F5D840003006A /* docs */,
				5D61B89F155F5D640003006A /* doxygen.config */,
				5D61B7D0155F3F9B0003006A /* libmusicbrainz-objc */,
				5D61B7E4155F3F9B0003006A /* libmusicbrainz-objcTests */,
				5D61B7CD155F3F9A0003006A /* Frameworks */,
				5D61B7CC155F3F9A0003006A /* Products */,
			);
			sourceTree = "<group>";
		};
		5D61B7CC155F3F9A0003006A /* Products */ = {
			isa = PBXGroup;
			children = (
				5D61B7CB155F3F9A0003006A /* liblibmusicbrainz-objc.a */,
				5D61B7DB155F3F9B0003006A /* libmusicbrainz-objcTests.octest */,
			);
			name = Products;
			sourceTree = "<group>";
		};
		5D61B7CD155F3F9A0003006A /* Frameworks */ = {
			isa = PBXGroup;
			children = (
				5D37CE8A156EED760073FA11 /* libxml2.dylib */,
				5D61B7CE155F3F9A0003006A /* Foundation.framework */,
				5D61B7DC155F3F9B0003006A /* SenTestingKit.framework */,
				5D61B7DE155F3F9B0003006A /* UIKit.framework */,
			);
			name = Frameworks;
			sourceTree = "<group>";
		};
		5D61B7D0155F3F9B0003006A /* libmusicbrainz-objc */ = {
			isa = PBXGroup;
			children = (
				5D0D24E5157D985100C1C311 /* XML-to-NSDictionary */,
				5D0D24AB157D7A2600C1C311 /* src */,
				5D0D24AA157D7A1E00C1C311 /* includes */,
				5D61B7D3155F3F9B0003006A /* libmusicbrainz_objc.h */,
				5D61B7D4155F3F9B0003006A /* libmusicbrainz_objc.m */,
				5D61B7D1155F3F9B0003006A /* Supporting Files */,
			);
			path = "libmusicbrainz-objc";
			sourceTree = "<group>";
		};
		5D61B7D1155F3F9B0003006A /* Supporting Files */ = {
			isa = PBXGroup;
			children = (
				5D61B7D2155F3F9B0003006A /* libmusicbrainz-objc-Prefix.pch */,
			);
			name = "Supporting Files";
			sourceTree = "<group>";
		};
		5D61B7E4155F3F9B0003006A /* libmusicbrainz-objcTests */ = {
			isa = PBXGroup;
			children = (
				5D61B7EA155F3F9B0003006A /* libmusicbrainz_objcTests.h */,
				5D61B7EB155F3F9B0003006A /* libmusicbrainz_objcTests.m */,
				5D61B7E5155F3F9B0003006A /* Supporting Files */,
			);
			path = "libmusicbrainz-objcTests";
			sourceTree = "<group>";
		};
		5D61B7E5155F3F9B0003006A /* Supporting Files */ = {
			isa = PBXGroup;
			children = (
				5D61B7E6155F3F9B0003006A /* libmusicbrainz-objcTests-Info.plist */,
				5D61B7E7155F3F9B0003006A /* InfoPlist.strings */,
			);
			name = "Supporting Files";
			sourceTree = "<group>";
		};
/* End PBXGroup section */

/* Begin PBXHeadersBuildPhase section */
		5D61B7C9155F3F9A0003006A /* Headers */ = {
			isa = PBXHeadersBuildPhase;
			buildActionMask = 2147483647;
			files = (
				5D0D2509157D985200C1C311 /* Demo-Prefix.pch in Headers */,
				5D0D250A157D985200C1C311 /* DemoAppDelegate.h in Headers */,
				5D0D250C157D985200C1C311 /* DemoViewController.h in Headers */,
				5D0D2515157D985200C1C311 /* XMLReaderTests-Prefix.pch in Headers */,
				5D0D2516157D985200C1C311 /* XMLReaderTests.h in Headers */,
				5D0D251A157D985200C1C311 /* XMLReader.h in Headers */,
				5D5D02CD1580091F00E8A525 /* AccountInformation.h in Headers */,
				5D5D02CE1580091F00E8A525 /* MB.h in Headers */,
				5D5D02CF1580091F00E8A525 /* MBAlias.h in Headers */,
				5D5D02D01580091F00E8A525 /* MBAnnotation.h in Headers */,
				5D5D02D11580091F00E8A525 /* MBArtist.h in Headers */,
				5D5D02D21580091F00E8A525 /* MBArtistCredit.h in Headers */,
				5D5D02D31580091F00E8A525 /* MBCDStub.h in Headers */,
				5D5D02D41580091F00E8A525 /* MBCollection.h in Headers */,
				5D5D02D51580091F00E8A525 /* MBDisc.h in Headers */,
				5D5D02D61580091F00E8A525 /* MBEntity-protected.h in Headers */,
				5D5D02D71580091F00E8A525 /* MBEntity.h in Headers */,
				5D5D02D81580091F00E8A525 /* MBFreeDbDisc.h in Headers */,
				5D5D02D91580091F00E8A525 /* MBISRC.h in Headers */,
				5D5D02DA1580091F00E8A525 /* MBLabel.h in Headers */,
				5D5D02DB1580091F00E8A525 /* MBLabelInfo.h in Headers */,
				5D5D02DC1580091F00E8A525 /* MBLifeSpan.h in Headers */,
				5D5D02DD1580091F00E8A525 /* MBMedium.h in Headers */,
				5D5D02DE1580091F00E8A525 /* MBNonMbTrack.h in Headers */,
				5D5D02DF1580091F00E8A525 /* MBPUID.h in Headers */,
				5D5D02E01580091F00E8A525 /* MBRating.h in Headers */,
				5D5D02E11580091F00E8A525 /* MBRecording.h in Headers */,
				5D5D02E21580091F00E8A525 /* MBRelation.h in Headers */,
				5D5D02E31580091F00E8A525 /* MBRelease.h in Headers */,
				5D5D02E41580091F00E8A525 /* MBReleaseGroup.h in Headers */,
				5D5D02E51580091F00E8A525 /* MBTag.h in Headers */,
				5D5D02E61580091F00E8A525 /* MBTrack.h in Headers */,
				5D5D02E71580091F00E8A525 /* MBUserRating.h in Headers */,
				5D5D02E81580091F00E8A525 /* MBUserTag.h in Headers */,
				5D5D02E91580091F00E8A525 /* MBWork.h in Headers */,
				5D5D02EA1580091F00E8A525 /* RateAndTaggableEntity.h in Headers */,
				5D5D02EB1580091F00E8A525 /* Search.h in Headers */,
				5D5D030415800C8C00E8A525 /* MBMetadata.h in Headers */,
				5D5D03161580163E00E8A525 /* MBQuery.h in Headers */,
			);
			runOnlyForDeploymentPostprocessing = 0;
		};
/* End PBXHeadersBuildPhase section */

/* Begin PBXNativeTarget section */
		5D61B7CA155F3F9A0003006A /* libmusicbrainz-objc */ = {
			isa = PBXNativeTarget;
			buildConfigurationList = 5D61B7EF155F3F9B0003006A /* Build configuration list for PBXNativeTarget "libmusicbrainz-objc" */;
			buildPhases = (
				5D61B7C7155F3F9A0003006A /* Sources */,
				5D61B7C8155F3F9A0003006A /* Frameworks */,
				5D61B7C9155F3F9A0003006A /* Headers */,
				5D61B89E155F561B0003006A /* Resources */,
			);
			buildRules = (
			);
			dependencies = (
			);
			name = "libmusicbrainz-objc";
			productName = "libmusicbrainz-objc";
			productReference = 5D61B7CB155F3F9A0003006A /* liblibmusicbrainz-objc.a */;
			productType = "com.apple.product-type.library.static";
		};
		5D61B7DA155F3F9B0003006A /* libmusicbrainz-objcTests */ = {
			isa = PBXNativeTarget;
			buildConfigurationList = 5D61B7F2155F3F9B0003006A /* Build configuration list for PBXNativeTarget "libmusicbrainz-objcTests" */;
			buildPhases = (
				5D61B7D6155F3F9B0003006A /* Sources */,
				5D61B7D7155F3F9B0003006A /* Frameworks */,
				5D61B7D8155F3F9B0003006A /* Resources */,
				5D61B7D9155F3F9B0003006A /* ShellScript */,
			);
			buildRules = (
			);
			dependencies = (
				5D61B7E2155F3F9B0003006A /* PBXTargetDependency */,
			);
			name = "libmusicbrainz-objcTests";
			productName = "libmusicbrainz-objcTests";
			productReference = 5D61B7DB155F3F9B0003006A /* libmusicbrainz-objcTests.octest */;
			productType = "com.apple.product-type.bundle";
		};
/* End PBXNativeTarget section */

/* Begin PBXProject section */
		5D61B7C2155F3F9A0003006A /* Project object */ = {
			isa = PBXProject;
			attributes = {
				LastUpgradeCheck = 0430;
			};
			buildConfigurationList = 5D61B7C5155F3F9A0003006A /* Build configuration list for PBXProject "libmusicbrainz-objc" */;
			compatibilityVersion = "Xcode 3.2";
			developmentRegion = English;
			hasScannedForEncodings = 0;
			knownRegions = (
				en,
				English,
			);
			mainGroup = 5D61B7C0155F3F9A0003006A;
			productRefGroup = 5D61B7CC155F3F9A0003006A /* Products */;
			projectDirPath = "";
			projectReferences = (
				{
					ProductGroup = 5D0D24F6157D985100C1C311 /* Products */;
					ProjectRef = 5D0D24F5157D985100C1C311 /* Demo.xcodeproj */;
				},
			);
			projectRoot = "";
			targets = (
				5D61B7CA155F3F9A0003006A /* libmusicbrainz-objc */,
				5D61B7DA155F3F9B0003006A /* libmusicbrainz-objcTests */,
			);
		};
/* End PBXProject section */

/* Begin PBXReferenceProxy section */
		5D0D251F157D985200C1C311 /* Demo.app */ = {
			isa = PBXReferenceProxy;
			fileType = wrapper.application;
			path = Demo.app;
			remoteRef = 5D0D251E157D985200C1C311 /* PBXContainerItemProxy */;
			sourceTree = BUILT_PRODUCTS_DIR;
		};
		5D0D2521157D985200C1C311 /* XMLReaderTests.octest */ = {
			isa = PBXReferenceProxy;
			fileType = wrapper.cfbundle;
			path = XMLReaderTests.octest;
			remoteRef = 5D0D2520157D985200C1C311 /* PBXContainerItemProxy */;
			sourceTree = BUILT_PRODUCTS_DIR;
		};
/* End PBXReferenceProxy section */

/* Begin PBXResourcesBuildPhase section */
		5D61B7D8155F3F9B0003006A /* Resources */ = {
			isa = PBXResourcesBuildPhase;
			buildActionMask = 2147483647;
			files = (
				5D61B7E9155F3F9B0003006A /* InfoPlist.strings in Resources */,
			);
			runOnlyForDeploymentPostprocessing = 0;
		};
		5D61B89E155F561B0003006A /* Resources */ = {
			isa = PBXResourcesBuildPhase;
			buildActionMask = 2147483647;
			files = (
				5D0D2508157D985200C1C311 /* Demo-Info.plist in Resources */,
				5D0D250E157D985200C1C311 /* DemoViewController.xib in Resources */,
				5D0D250F157D985200C1C311 /* InfoPlist.strings in Resources */,
				5D0D2510157D985200C1C311 /* MainWindow.xib in Resources */,
				5D0D2512157D985200C1C311 /* complex.xml in Resources */,
				5D0D2513157D985200C1C311 /* InfoPlist.strings in Resources */,
				5D0D2514157D985200C1C311 /* XMLReaderTests-Info.plist in Resources */,
				5D0D2518157D985200C1C311 /* LICENCE in Resources */,
				5D0D2519157D985200C1C311 /* README in Resources */,
			);
			runOnlyForDeploymentPostprocessing = 0;
		};
/* End PBXResourcesBuildPhase section */

/* Begin PBXShellScriptBuildPhase section */
		5D61B7D9155F3F9B0003006A /* ShellScript */ = {
			isa = PBXShellScriptBuildPhase;
			buildActionMask = 2147483647;
			files = (
			);
			inputPaths = (
			);
			outputPaths = (
			);
			runOnlyForDeploymentPostprocessing = 0;
			shellPath = /bin/sh;
			shellScript = "# Run the unit tests in this test bundle.\n\"${SYSTEM_DEVELOPER_DIR}/Tools/RunUnitTests\"\n";
		};
/* End PBXShellScriptBuildPhase section */

/* Begin PBXSourcesBuildPhase section */
		5D61B7C7155F3F9A0003006A /* Sources */ = {
			isa = PBXSourcesBuildPhase;
			buildActionMask = 2147483647;
			files = (
				5D61B7D5155F3F9B0003006A /* libmusicbrainz_objc.m in Sources */,
				5D0D24CE157D7A5700C1C311 /* AccountInformation.m in Sources */,
				5D0D24CF157D7A5700C1C311 /* MBLabel.m in Sources */,
				5D0D24D0157D7A5700C1C311 /* MBAlias.m in Sources */,
				5D0D24D1157D7A5700C1C311 /* MBArtist.m in Sources */,
				5D0D24D2157D7A5700C1C311 /* MBEntity.m in Sources */,
				5D0D24D3157D7A5700C1C311 /* MBLifeSpan.m in Sources */,
				5D0D24D4157D7A5700C1C311 /* MBRelease.m in Sources */,
				5D0D24D5157D7A5700C1C311 /* MBReleaseGroup.m in Sources */,
				5D0D24D6157D7A5700C1C311 /* Search.m in Sources */,
				5D0D251B157D985200C1C311 /* XMLReader.m in Sources */,
				5D5D029E157FB11C00E8A525 /* MBRecording.m in Sources */,
				5D5D02A2157FB70500E8A525 /* MBWork.m in Sources */,
				5D5D02A6157FB95000E8A525 /* MBDisc.m in Sources */,
				5D5D02EE15800BC600E8A525 /* MBPUID.m in Sources */,
				5D5D02F015800BCF00E8A525 /* MBISRC.m in Sources */,
				5D5D02F215800BDF00E8A525 /* MBArtistCredit.m in Sources */,
				5D5D02F415800BEE00E8A525 /* MBRelation.m in Sources */,
				5D5D02F615800BFC00E8A525 /* MBTag.m in Sources */,
				5D5D02F815800C0800E8A525 /* MBUserTag.m in Sources */,
				5D5D02FA15800C2400E8A525 /* MBRating.m in Sources */,
				5D5D02FC15800C3500E8A525 /* MBUserRating.m in Sources */,
				5D5D02FE15800C4200E8A525 /* MBLabelInfo.m in Sources */,
				5D5D030015800C5200E8A525 /* MBMedium.m in Sources */,
				5D5D030215800C7700E8A525 /* MBMetadata.m in Sources */,
				5D5D030615800CAA00E8A525 /* MBTrack.m in Sources */,
				5D5D030815800CB300E8A525 /* MBAnnotation.m in Sources */,
				5D5D030A15800CBB00E8A525 /* MBCDStub.m in Sources */,
				5D5D030C1580138B00E8A525 /* MBFreeDbDisc.m in Sources */,
				5D5D030E1580139900E8A525 /* MBCollection.m in Sources */,
				5D5D0310158013AE00E8A525 /* MBNonMbTrack.m in Sources */,
				5D5D0312158014B100E8A525 /* RateAndTaggableEntity.m in Sources */,
				5D5D03141580163100E8A525 /* MBQuery.m in Sources */,
			);
			runOnlyForDeploymentPostprocessing = 0;
		};
		5D61B7D6155F3F9B0003006A /* Sources */ = {
			isa = PBXSourcesBuildPhase;
			buildActionMask = 2147483647;
			files = (
				5D61B7EC155F3F9B0003006A /* libmusicbrainz_objcTests.m in Sources */,
			);
			runOnlyForDeploymentPostprocessing = 0;
		};
/* End PBXSourcesBuildPhase section */

/* Begin PBXTargetDependency section */
		5D61B7E2155F3F9B0003006A /* PBXTargetDependency */ = {
			isa = PBXTargetDependency;
			target = 5D61B7CA155F3F9A0003006A /* libmusicbrainz-objc */;
			targetProxy = 5D61B7E1155F3F9B0003006A /* PBXContainerItemProxy */;
		};
/* End PBXTargetDependency section */

/* Begin PBXVariantGroup section */
		5D0D24EE157D985100C1C311 /* DemoViewController.xib */ = {
			isa = PBXVariantGroup;
			children = (
				5D0D24EF157D985100C1C311 /* en */,
			);
			name = DemoViewController.xib;
			sourceTree = "<group>";
		};
		5D0D24F0157D985100C1C311 /* InfoPlist.strings */ = {
			isa = PBXVariantGroup;
			children = (
				5D0D24F1157D985100C1C311 /* en */,
			);
			name = InfoPlist.strings;
			sourceTree = "<group>";
		};
		5D0D24F2157D985100C1C311 /* MainWindow.xib */ = {
			isa = PBXVariantGroup;
			children = (
				5D0D24F3157D985100C1C311 /* en */,
			);
			name = MainWindow.xib;
			sourceTree = "<group>";
		};
		5D0D24FA157D985100C1C311 /* InfoPlist.strings */ = {
			isa = PBXVariantGroup;
			children = (
				5D0D24FB157D985100C1C311 /* en */,
			);
			name = InfoPlist.strings;
			sourceTree = "<group>";
		};
		5D61B7E7155F3F9B0003006A /* InfoPlist.strings */ = {
			isa = PBXVariantGroup;
			children = (
				5D61B7E8155F3F9B0003006A /* en */,
			);
			name = InfoPlist.strings;
			sourceTree = "<group>";
		};
/* End PBXVariantGroup section */

/* Begin XCBuildConfiguration section */
		5D61B7ED155F3F9B0003006A /* Debug */ = {
			isa = XCBuildConfiguration;
			buildSettings = {
				ALWAYS_SEARCH_USER_PATHS = YES;
				ARCHS = "$(ARCHS_STANDARD_32_BIT)";
				CLANG_ENABLE_OBJC_ARC = YES;
				COPY_PHASE_STRIP = NO;
				GCC_C_LANGUAGE_STANDARD = gnu99;
				GCC_DYNAMIC_NO_PIC = NO;
				GCC_OPTIMIZATION_LEVEL = 0;
				GCC_PREPROCESSOR_DEFINITIONS = (
					"DEBUG=1",
					"$(inherited)",
				);
				GCC_SYMBOLS_PRIVATE_EXTERN = NO;
				GCC_VERSION = "";
				GCC_WARN_ABOUT_RETURN_TYPE = YES;
				GCC_WARN_UNINITIALIZED_AUTOS = YES;
				GCC_WARN_UNUSED_VARIABLE = YES;
				IPHONEOS_DEPLOYMENT_TARGET = 5.1;
				MACH_O_TYPE = staticlib;
				SDKROOT = iphoneos;
				TARGETED_DEVICE_FAMILY = "1,2";
			};
			name = Debug;
		};
		5D61B7EE155F3F9B0003006A /* Release */ = {
			isa = XCBuildConfiguration;
			buildSettings = {
				ALWAYS_SEARCH_USER_PATHS = YES;
				ARCHS = "$(ARCHS_STANDARD_32_BIT)";
				CLANG_ENABLE_OBJC_ARC = YES;
				COPY_PHASE_STRIP = YES;
				GCC_C_LANGUAGE_STANDARD = gnu99;
				GCC_VERSION = "";
				GCC_WARN_ABOUT_RETURN_TYPE = YES;
				GCC_WARN_UNINITIALIZED_AUTOS = YES;
				GCC_WARN_UNUSED_VARIABLE = YES;
				IPHONEOS_DEPLOYMENT_TARGET = 5.1;
				MACH_O_TYPE = staticlib;
				SDKROOT = iphoneos;
				TARGETED_DEVICE_FAMILY = "1,2";
				VALIDATE_PRODUCT = YES;
			};
			name = Release;
		};
		5D61B7F0155F3F9B0003006A /* Debug */ = {
			isa = XCBuildConfiguration;
			buildSettings = {
				DSTROOT = /tmp/libmusicbrainz_objc.dst;
				GCC_PRECOMPILE_PREFIX_HEADER = YES;
				GCC_PREFIX_HEADER = "libmusicbrainz-objc/libmusicbrainz-objc-Prefix.pch";
				HEADER_SEARCH_PATHS = "$(SDKROOT)/usr/include/libxml2";
				OTHER_LDFLAGS = "-ObjC";
				PRODUCT_NAME = "$(TARGET_NAME)";
				SKIP_INSTALL = YES;
				TARGETED_DEVICE_FAMILY = "1,2";
			};
			name = Debug;
		};
		5D61B7F1155F3F9B0003006A /* Release */ = {
			isa = XCBuildConfiguration;
			buildSettings = {
				DSTROOT = /tmp/libmusicbrainz_objc.dst;
				GCC_PRECOMPILE_PREFIX_HEADER = YES;
				GCC_PREFIX_HEADER = "libmusicbrainz-objc/libmusicbrainz-objc-Prefix.pch";
				HEADER_SEARCH_PATHS = "$(SDKROOT)/usr/include/libxml2";
				OTHER_LDFLAGS = "-ObjC";
				PRODUCT_NAME = "$(TARGET_NAME)";
				SKIP_INSTALL = YES;
				TARGETED_DEVICE_FAMILY = "1,2";
			};
			name = Release;
		};
		5D61B7F3155F3F9B0003006A /* Debug */ = {
			isa = XCBuildConfiguration;
			buildSettings = {
				FRAMEWORK_SEARCH_PATHS = (
					"$(SDKROOT)/Developer/Library/Frameworks",
					"$(DEVELOPER_LIBRARY_DIR)/Frameworks",
				);
				GCC_PRECOMPILE_PREFIX_HEADER = YES;
				GCC_PREFIX_HEADER = "libmusicbrainz-objc/libmusicbrainz-objc-Prefix.pch";
				INFOPLIST_FILE = "libmusicbrainz-objcTests/libmusicbrainz-objcTests-Info.plist";
				PRODUCT_NAME = "$(TARGET_NAME)";
				WRAPPER_EXTENSION = octest;
			};
			name = Debug;
		};
		5D61B7F4155F3F9B0003006A /* Release */ = {
			isa = XCBuildConfiguration;
			buildSettings = {
				FRAMEWORK_SEARCH_PATHS = (
					"$(SDKROOT)/Developer/Library/Frameworks",
					"$(DEVELOPER_LIBRARY_DIR)/Frameworks",
				);
				GCC_PRECOMPILE_PREFIX_HEADER = YES;
				GCC_PREFIX_HEADER = "libmusicbrainz-objc/libmusicbrainz-objc-Prefix.pch";
				INFOPLIST_FILE = "libmusicbrainz-objcTests/libmusicbrainz-objcTests-Info.plist";
				PRODUCT_NAME = "$(TARGET_NAME)";
				WRAPPER_EXTENSION = octest;
			};
			name = Release;
		};
/* End XCBuildConfiguration section */

/* Begin XCConfigurationList section */
		5D61B7C5155F3F9A0003006A /* Build configuration list for PBXProject "libmusicbrainz-objc" */ = {
			isa = XCConfigurationList;
			buildConfigurations = (
				5D61B7ED155F3F9B0003006A /* Debug */,
				5D61B7EE155F3F9B0003006A /* Release */,
			);
			defaultConfigurationIsVisible = 0;
			defaultConfigurationName = Release;
		};
		5D61B7EF155F3F9B0003006A /* Build configuration list for PBXNativeTarget "libmusicbrainz-objc" */ = {
			isa = XCConfigurationList;
			buildConfigurations = (
				5D61B7F0155F3F9B0003006A /* Debug */,
				5D61B7F1155F3F9B0003006A /* Release */,
			);
			defaultConfigurationIsVisible = 0;
			defaultConfigurationName = Release;
		};
		5D61B7F2155F3F9B0003006A /* Build configuration list for PBXNativeTarget "libmusicbrainz-objcTests" */ = {
			isa = XCConfigurationList;
			buildConfigurations = (
				5D61B7F3155F3F9B0003006A /* Debug */,
				5D61B7F4155F3F9B0003006A /* Release */,
			);
			defaultConfigurationIsVisible = 0;
			defaultConfigurationName = Release;
		};
/* End XCConfigurationList section */
	};
	rootObject = 5D61B7C2155F3F9A0003006A /* Project object */;
}
